<?xml version="1.0"?>
<CONFIG>
  <ProjectOptions>
    <Version Value="9"/>
    <General>
      <MainUnit Value="0"/>
      <ActiveWindowIndexAtStart Value="0"/>
    </General>
    <VersionInfo>
      <Language Value=""/>
      <CharSet Value=""/>
      <StringTable ProductVersion=""/>
    </VersionInfo>
    <BuildModes Count="1">
      <Item1 Name="default" Default="True"/>
    </BuildModes>
    <PublishOptions>
      <Version Value="2"/>
      <IgnoreBinaries Value="False"/>
      <IncludeFileFilter Value="*.(pas|pp|inc|lfm|lpr|lrs|lpi|lpk|sh|xml)"/>
      <ExcludeFileFilter Value="*.(bak|ppu|ppw|o|so);*~;backup"/>
    </PublishOptions>
    <RunParams>
      <local>
        <FormatVersion Value="1"/>
        <LaunchingApplication PathPlusParams="/usr/X11R6/bin/xterm -T 'Lazarus Run Output' -e $(LazarusDir)/tools/runwait.sh $(TargetCmdLine)"/>
        <WorkingDirectory Value="/usr/local/bin"/>
      </local>
    </RunParams>
    <RequiredPackages Count="5">
      <Item1>
        <PackageName Value="GLScene_DesignTime"/>
      </Item1>
      <Item2>
        <PackageName Value="TurboPowerIPro"/>
        <MinVersion Major="1" Valid="True"/>
      </Item2>
      <Item3>
        <PackageName Value="libsql"/>
      </Item3>
      <Item4>
        <PackageName Value="Printer4Lazarus"/>
      </Item4>
      <Item5>
        <PackageName Value="LCL"/>
      </Item5>
    </RequiredPackages>
    <Units Count="19">
      <Unit0>
        <Filename Value="catlun.lpr"/>
        <IsPartOfProject Value="True"/>
        <UnitName Value="catlun"/>
        <WindowIndex Value="0"/>
        <TopLine Value="1"/>
        <CursorPos X="54" Y="19"/>
        <UsageCount Value="66"/>
      </Unit0>
      <Unit1>
        <Filename Value="catlun_main.pas"/>
        <IsPartOfProject Value="True"/>
        <ComponentName Value="f_catlun"/>
        <ResourceBaseClass Value="Form"/>
        <UnitName Value="catlun_main"/>
        <EditorIndex Value="0"/>
        <WindowIndex Value="0"/>
        <TopLine Value="462"/>
        <CursorPos X="17" Y="477"/>
        <UsageCount Value="66"/>
        <Bookmarks Count="2">
          <Item0 X="1" Y="1435" ID="1"/>
          <Item1 X="68" Y="1130" ID="2"/>
        </Bookmarks>
        <Loaded Value="True"/>
        <LoadedDesigner Value="True"/>
      </Unit1>
      <Unit2>
        <Filename Value="pu_moon.pas"/>
        <IsPartOfProject Value="True"/>
        <ComponentName Value="f_moon"/>
        <HasResources Value="True"/>
        <ResourceBaseClass Value="Form"/>
        <UnitName Value="pu_moon"/>
        <IsVisibleTab Value="True"/>
        <EditorIndex Value="2"/>
        <WindowIndex Value="0"/>
        <TopLine Value="1"/>
        <CursorPos X="1" Y="1"/>
        <UsageCount Value="20"/>
        <Loaded Value="True"/>
        <LoadedDesigner Value="True"/>
      </Unit2>
      <Unit3>
        <Filename Value="u_constant.pas"/>
        <UnitName Value="u_constant"/>
        <WindowIndex Value="0"/>
        <TopLine Value="176"/>
        <CursorPos X="6" Y="197"/>
        <UsageCount Value="19"/>
      </Unit3>
      <Unit4>
        <Filename Value="/appli/lazarus/lcl/include/menu.inc"/>
        <TopLine Value="99"/>
        <CursorPos X="1" Y="118"/>
        <UsageCount Value="9"/>
      </Unit4>
      <Unit5>
        <Filename Value="u_util.pas"/>
        <UnitName Value="u_util"/>
        <WindowIndex Value="0"/>
        <TopLine Value="1568"/>
        <CursorPos X="1" Y="1602"/>
        <UsageCount Value="16"/>
      </Unit5>
      <Unit6>
        <Filename Value="../virtualmoon/virtualmoon1.pas"/>
        <ComponentName Value="Form1"/>
        <HasResources Value="True"/>
        <ResourceBaseClass Value="Form"/>
        <UnitName Value="virtualmoon1"/>
        <TopLine Value="589"/>
        <CursorPos X="52" Y="617"/>
        <UsageCount Value="14"/>
      </Unit6>
      <Unit7>
        <Filename Value="dbutil.pas"/>
        <IsPartOfProject Value="True"/>
        <UnitName Value="dbutil"/>
        <WindowIndex Value="0"/>
        <TopLine Value="124"/>
        <CursorPos X="108" Y="166"/>
        <UsageCount Value="30"/>
      </Unit7>
      <Unit8>
        <Filename Value="../../cdc/skychart/component/libsql/passql.pas"/>
        <UnitName Value="passql"/>
        <TopLine Value="1374"/>
        <CursorPos X="3" Y="1376"/>
        <UsageCount Value="11"/>
      </Unit8>
      <Unit9>
        <Filename Value="/appli/fpc/rtl/objpas/sysutils/datih.inc"/>
        <TopLine Value="111"/>
        <CursorPos X="10" Y="130"/>
        <UsageCount Value="10"/>
      </Unit9>
      <Unit10>
        <Filename Value="/appli/fpc/rtl/objpas/sysutils/dati.inc"/>
        <TopLine Value="702"/>
        <CursorPos X="56" Y="723"/>
        <UsageCount Value="10"/>
      </Unit10>
      <Unit11>
        <Filename Value="catlun_main.lfm"/>
        <TopLine Value="14"/>
        <CursorPos X="36" Y="26"/>
        <UsageCount Value="10"/>
        <DefaultSyntaxHighlighter Value="LFM"/>
      </Unit11>
      <Unit12>
        <Filename Value="u_translation.pas"/>
        <UnitName Value="u_translation"/>
        <TopLine Value="289"/>
        <CursorPos X="30" Y="315"/>
        <UsageCount Value="10"/>
      </Unit12>
      <Unit13>
        <Filename Value="../../cdc/skychart/component/libsql/passqlite.pas"/>
        <UnitName Value="passqlite"/>
        <TopLine Value="399"/>
        <CursorPos X="1" Y="418"/>
        <UsageCount Value="11"/>
      </Unit13>
      <Unit14>
        <Filename Value="fmsg.pas"/>
        <IsPartOfProject Value="True"/>
        <ComponentName Value="MsgForm"/>
        <HasResources Value="True"/>
        <ResourceBaseClass Value="Form"/>
        <UnitName Value="fmsg"/>
        <EditorIndex Value="1"/>
        <WindowIndex Value="0"/>
        <TopLine Value="21"/>
        <CursorPos X="24" Y="33"/>
        <UsageCount Value="20"/>
        <Loaded Value="True"/>
        <LoadedDesigner Value="True"/>
      </Unit14>
      <Unit15>
        <Filename Value="/appli/lazarus/components/glscene/Source/glscene.pas"/>
        <UnitName Value="GLScene"/>
        <TopLine Value="3081"/>
        <CursorPos X="39" Y="3104"/>
        <UsageCount Value="10"/>
      </Unit15>
      <Unit16>
        <Filename Value="../../../cdc/src/skychart/component/libsql/passqlite.pas"/>
        <UnitName Value="passqlite"/>
        <WindowIndex Value="0"/>
        <TopLine Value="410"/>
        <CursorPos X="1" Y="418"/>
        <UsageCount Value="14"/>
      </Unit16>
      <Unit17>
        <Filename Value="../../../compiler/lazarus/lcl/comctrls.pp"/>
        <UnitName Value="ComCtrls"/>
        <WindowIndex Value="0"/>
        <TopLine Value="1358"/>
        <CursorPos X="23" Y="1379"/>
        <UsageCount Value="10"/>
      </Unit17>
      <Unit18>
        <Filename Value="../../../compiler/lazarus/lcl/controls.pp"/>
        <UnitName Value="Controls"/>
        <WindowIndex Value="0"/>
        <TopLine Value="34"/>
        <CursorPos X="3" Y="55"/>
        <UsageCount Value="10"/>
      </Unit18>
    </Units>
    <JumpHistory Count="30" HistoryIndex="29">
      <Position1>
        <Filename Value="catlun_main.pas"/>
        <Caret Line="789" Column="11" TopLine="767"/>
      </Position1>
      <Position2>
        <Filename Value="catlun_main.pas"/>
        <Caret Line="790" Column="53" TopLine="767"/>
      </Position2>
      <Position3>
        <Filename Value="catlun_main.pas"/>
        <Caret Line="788" Column="1" TopLine="767"/>
      </Position3>
      <Position4>
        <Filename Value="catlun_main.pas"/>
        <Caret Line="789" Column="1" TopLine="767"/>
      </Position4>
      <Position5>
        <Filename Value="catlun_main.pas"/>
        <Caret Line="790" Column="1" TopLine="767"/>
      </Position5>
      <Position6>
        <Filename Value="catlun_main.pas"/>
        <Caret Line="787" Column="33" TopLine="767"/>
      </Position6>
      <Position7>
        <Filename Value="catlun_main.pas"/>
        <Caret Line="1" Column="1" TopLine="1"/>
      </Position7>
      <Position8>
        <Filename Value="catlun_main.pas"/>
        <Caret Line="787" Column="33" TopLine="766"/>
      </Position8>
      <Position9>
        <Filename Value="pu_moon.pas"/>
        <Caret Line="2390" Column="55" TopLine="2375"/>
      </Position9>
      <Position10>
        <Filename Value="pu_moon.pas"/>
        <Caret Line="1" Column="1" TopLine="1"/>
      </Position10>
      <Position11>
        <Filename Value="pu_moon.pas"/>
        <Caret Line="156" Column="14" TopLine="135"/>
      </Position11>
      <Position12>
        <Filename Value="pu_moon.pas"/>
        <Caret Line="221" Column="26" TopLine="200"/>
      </Position12>
      <Position13>
        <Filename Value="pu_moon.pas"/>
        <Caret Line="315" Column="65" TopLine="294"/>
      </Position13>
      <Position14>
        <Filename Value="pu_moon.pas"/>
        <Caret Line="1197" Column="11" TopLine="1176"/>
      </Position14>
      <Position15>
        <Filename Value="pu_moon.pas"/>
        <Caret Line="1389" Column="29" TopLine="1368"/>
      </Position15>
      <Position16>
        <Filename Value="pu_moon.pas"/>
        <Caret Line="2052" Column="30" TopLine="2031"/>
      </Position16>
      <Position17>
        <Filename Value="pu_moon.pas"/>
        <Caret Line="2054" Column="10" TopLine="2031"/>
      </Position17>
      <Position18>
        <Filename Value="catlun_main.pas"/>
        <Caret Line="1421" Column="42" TopLine="1412"/>
      </Position18>
      <Position19>
        <Filename Value="catlun_main.pas"/>
        <Caret Line="1" Column="1" TopLine="1"/>
      </Position19>
      <Position20>
        <Filename Value="catlun_main.pas"/>
        <Caret Line="787" Column="33" TopLine="766"/>
      </Position20>
      <Position21>
        <Filename Value="catlun_main.pas"/>
        <Caret Line="794" Column="79" TopLine="766"/>
      </Position21>
      <Position22>
        <Filename Value="catlun_main.pas"/>
        <Caret Line="791" Column="89" TopLine="766"/>
      </Position22>
      <Position23>
        <Filename Value="catlun_main.pas"/>
        <Caret Line="784" Column="44" TopLine="770"/>
      </Position23>
      <Position24>
        <Filename Value="pu_moon.pas"/>
        <Caret Line="2042" Column="27" TopLine="2031"/>
      </Position24>
      <Position25>
        <Filename Value="pu_moon.pas"/>
        <Caret Line="2635" Column="1" TopLine="2595"/>
      </Position25>
      <Position26>
        <Filename Value="catlun_main.pas"/>
        <Caret Line="1497" Column="1" TopLine="1471"/>
      </Position26>
      <Position27>
        <Filename Value="catlun_main.pas"/>
        <Caret Line="1972" Column="1" TopLine="1932"/>
      </Position27>
      <Position28>
        <Filename Value="pu_moon.pas"/>
        <Caret Line="339" Column="59" TopLine="316"/>
      </Position28>
      <Position29>
        <Filename Value="pu_moon.pas"/>
        <Caret Line="31" Column="76" TopLine="10"/>
      </Position29>
      <Position30>
        <Filename Value="pu_moon.pas"/>
        <Caret Line="1213" Column="46" TopLine="1204"/>
      </Position30>
    </JumpHistory>
  </ProjectOptions>
  <CompilerOptions>
    <Version Value="9"/>
    <SearchPaths>
      <IncludeFiles Value="$(ProjOutDir)"/>
      <UnitOutputDirectory Value="units/$(TargetCPU)-$(TargetOS)-$(LCLWidgetType)"/>
    </SearchPaths>
    <Parsing>
      <SyntaxOptions>
        <UseAnsiStrings Value="False"/>
      </SyntaxOptions>
    </Parsing>
    <Linking>
      <Options>
        <Win32>
          <GraphicApplication Value="True"/>
        </Win32>
      </Options>
    </Linking>
    <Other>
      <CompilerMessages>
        <UseMsgFile Value="True"/>
      </CompilerMessages>
      <CompilerPath Value="$(CompPath)"/>
    </Other>
  </CompilerOptions>
  <Debugging>
    <Exceptions Count="3">
      <Item1>
        <Name Value="EAbort"/>
      </Item1>
      <Item2>
        <Name Value="ECodetoolError"/>
      </Item2>
      <Item3>
        <Name Value="EFOpenError"/>
      </Item3>
    </Exceptions>
  </Debugging>
</CONFIG>
