<?xml version="1.0"?>
<CONFIG>
  <ProjectOptions>
    <Version Value="7"/>
    <General>
      <MainUnit Value="0"/>
      <TargetFileExt Value=""/>
      <Icon Value="0"/>
      <UseXPManifest Value="True"/>
      <ActiveEditorIndexAtStart Value="0"/>
    </General>
    <VersionInfo>
      <ProjectVersion Value=""/>
      <Language Value=""/>
      <CharSet Value=""/>
    </VersionInfo>
    <PublishOptions>
      <Version Value="2"/>
      <IgnoreBinaries Value="False"/>
      <IncludeFileFilter Value="*.(pas|pp|inc|lfm|lpr|lrs|lpi|lpk|sh|xml)"/>
      <ExcludeFileFilter Value="*.(bak|ppu|ppw|o|so);*~;backup"/>
    </PublishOptions>
    <RunParams>
      <local>
        <FormatVersion Value="1"/>
        <LaunchingApplication PathPlusParams="/usr/X11R6/bin/xterm -T 'Lazarus Run Output' -e $(LazarusDir)/tools/runwait.sh $(TargetCmdLine)"/>
      </local>
    </RunParams>
    <RequiredPackages Count="1">
      <Item1>
        <PackageName Value="LCL"/>
      </Item1>
    </RequiredPackages>
    <Units Count="10">
      <Unit0>
        <Filename Value="img2png.lpr"/>
        <IsPartOfProject Value="True"/>
        <UnitName Value="img2png"/>
        <UsageCount Value="23"/>
      </Unit0>
      <Unit1>
        <Filename Value="img2png1.pas"/>
        <IsPartOfProject Value="True"/>
        <ComponentName Value="Form1"/>
        <ResourceBaseClass Value="Form"/>
        <UnitName Value="img2png1"/>
        <CursorPos X="37" Y="41"/>
        <TopLine Value="37"/>
        <EditorIndex Value="0"/>
        <UsageCount Value="23"/>
        <Loaded Value="True"/>
      </Unit1>
      <Unit2>
        <Filename Value="../../../../../../compiler/lazarus/lcl/graphics.pp"/>
        <UnitName Value="Graphics"/>
        <CursorPos X="1" Y="1"/>
        <TopLine Value="1"/>
        <UsageCount Value="10"/>
      </Unit2>
      <Unit3>
        <Filename Value="../../../../../../compiler/lazarus/lcl/lclproc.pas"/>
        <UnitName Value="LCLProc"/>
        <CursorPos X="78" Y="1499"/>
        <TopLine Value="1485"/>
        <UsageCount Value="11"/>
      </Unit3>
      <Unit4>
        <Filename Value="../../../../../../compiler/lazarus/lcl/interfaces/gtk/gtklclintf.inc"/>
        <CursorPos X="61" Y="400"/>
        <TopLine Value="372"/>
        <UsageCount Value="10"/>
      </Unit4>
      <Unit5>
        <Filename Value="../../../../../../compiler/fpc/packages/fcl-image/src/fpimage.pp"/>
        <UnitName Value="FPimage"/>
        <CursorPos X="7" Y="95"/>
        <TopLine Value="75"/>
        <UsageCount Value="11"/>
      </Unit5>
      <Unit6>
        <Filename Value="../../../../../../compiler/fpc/packages/fcl-image/src/fpimage.inc"/>
        <CursorPos X="10" Y="334"/>
        <TopLine Value="331"/>
        <UsageCount Value="11"/>
      </Unit6>
      <Unit7>
        <Filename Value="../../../../../../compiler/fpc/packages/fcl-image/src/fpwritepng.pp"/>
        <UnitName Value="FPWritePNG"/>
        <CursorPos X="16" Y="405"/>
        <TopLine Value="389"/>
        <UsageCount Value="11"/>
      </Unit7>
      <Unit8>
        <Filename Value="../../../../../../compiler/fpc/packages/fcl-image/src/fppalette.inc"/>
        <CursorPos X="3" Y="145"/>
        <TopLine Value="145"/>
        <UsageCount Value="10"/>
      </Unit8>
      <Unit9>
        <Filename Value="../../../../../../compiler/fpc/packages/fcl-image/src/pngcomn.pp"/>
        <UnitName Value="PNGcomn"/>
        <CursorPos X="15" Y="52"/>
        <TopLine Value="32"/>
        <UsageCount Value="10"/>
      </Unit9>
    </Units>
    <JumpHistory Count="4" HistoryIndex="3">
      <Position1>
        <Filename Value="img2png1.pas"/>
        <Caret Line="59" Column="15" TopLine="42"/>
      </Position1>
      <Position2>
        <Filename Value="img2png1.pas"/>
        <Caret Line="59" Column="13" TopLine="42"/>
      </Position2>
      <Position3>
        <Filename Value="img2png1.pas"/>
        <Caret Line="68" Column="26" TopLine="42"/>
      </Position3>
      <Position4>
        <Filename Value="img2png1.pas"/>
        <Caret Line="67" Column="26" TopLine="41"/>
      </Position4>
    </JumpHistory>
  </ProjectOptions>
  <CompilerOptions>
    <Version Value="8"/>
    <SearchPaths>
      <IncludeFiles Value="$(ProjOutDir)/"/>
    </SearchPaths>
    <Linking>
      <Options>
        <Win32>
          <GraphicApplication Value="True"/>
        </Win32>
      </Options>
    </Linking>
    <Other>
      <CompilerPath Value="$(CompPath)"/>
    </Other>
  </CompilerOptions>
  <Debugging>
    <Exceptions Count="3">
      <Item1>
        <Name Value="EAbort"/>
      </Item1>
      <Item2>
        <Name Value="ECodetoolError"/>
      </Item2>
      <Item3>
        <Name Value="EFOpenError"/>
      </Item3>
    </Exceptions>
  </Debugging>
</CONFIG>
