<?xml version="1.0" encoding="UTF-8"?>
<CONFIG>
  <ProjectOptions>
    <Version Value="12"/>
    <General>
      <Flags>
        <CompatibilityMode Value="True"/>
      </Flags>
    </General>
    <VersionInfo>
      <Language Value=""/>
      <CharSet Value=""/>
    </VersionInfo>
    <BuildModes Count="3" Active="GTK2">
      <Item1 Name="default" Default="True"/>
      <Item2 Name="win32">
        <MacroValues Count="1">
          <Macro1 Name="LCLWidgetType" Value="win32"/>
        </MacroValues>
        <CompilerOptions>
          <Version Value="11"/>
          <SearchPaths>
            <IncludeFiles Value="$(ProjOutDir)"/>
            <UnitOutputDirectory Value="units/$(TargetCPU)-$(TargetOS)-$(LCLWidgetType)"/>
          </SearchPaths>
          <Parsing>
            <SyntaxOptions>
              <UseAnsiStrings Value="False"/>
            </SyntaxOptions>
          </Parsing>
          <CodeGeneration>
            <TargetCPU Value="i386"/>
            <TargetOS Value="win32"/>
          </CodeGeneration>
          <Linking>
            <Options>
              <Win32>
                <GraphicApplication Value="True"/>
              </Win32>
            </Options>
          </Linking>
        </CompilerOptions>
      </Item2>
      <Item3 Name="GTK2">
        <MacroValues Count="1">
          <Macro2 Name="LCLWidgetType" Value="gtk2"/>
        </MacroValues>
        <CompilerOptions>
          <Version Value="11"/>
          <SearchPaths>
            <IncludeFiles Value="$(ProjOutDir)"/>
            <UnitOutputDirectory Value="units/$(TargetCPU)-$(TargetOS)-$(LCLWidgetType)"/>
          </SearchPaths>
          <Parsing>
            <SyntaxOptions>
              <UseAnsiStrings Value="False"/>
            </SyntaxOptions>
          </Parsing>
          <Linking>
            <Debugging>
              <DebugInfoType Value="dsDwarf2Set"/>
            </Debugging>
            <Options>
              <Win32>
                <GraphicApplication Value="True"/>
              </Win32>
            </Options>
          </Linking>
        </CompilerOptions>
      </Item3>
      <SharedMatrixOptions Count="2">
        <Item1 ID="084704158726" Modes="win32" Type="IDEMacro" MacroName="LCLWidgetType" Value="win32"/>
        <Item2 ID="593425979080" Modes="GTK2" Type="IDEMacro" MacroName="LCLWidgetType" Value="gtk2"/>
      </SharedMatrixOptions>
    </BuildModes>
    <PublishOptions>
      <Version Value="2"/>
    </PublishOptions>
    <RunParams>
      <local>
        <LaunchingApplication PathPlusParams="/usr/lib/wine/wine $(TargetCmdLine)"/>
        <WorkingDirectory Value="/usr/bin"/>
      </local>
      <FormatVersion Value="2"/>
      <Modes Count="1">
        <Mode0 Name="default">
          <local>
            <LaunchingApplication PathPlusParams="/usr/lib/wine/wine $(TargetCmdLine)"/>
            <WorkingDirectory Value="/usr/bin"/>
          </local>
        </Mode0>
      </Modes>
    </RunParams>
    <RequiredPackages Count="7">
      <Item1>
        <PackageName Value="BGRABitmapPack"/>
      </Item1>
      <Item2>
        <PackageName Value="GLScene_RunTime"/>
      </Item2>
      <Item3>
        <PackageName Value="GLScene_DesignTime"/>
      </Item3>
      <Item4>
        <PackageName Value="TurboPowerIPro"/>
        <MinVersion Major="1" Valid="True"/>
      </Item4>
      <Item5>
        <PackageName Value="libsql"/>
      </Item5>
      <Item6>
        <PackageName Value="Printer4Lazarus"/>
      </Item6>
      <Item7>
        <PackageName Value="LCL"/>
      </Item7>
    </RequiredPackages>
    <Units Count="22">
      <Unit0>
        <Filename Value="catlun.lpr"/>
        <IsPartOfProject Value="True"/>
        <EditorIndex Value="-1"/>
        <CursorPos X="29" Y="18"/>
        <UsageCount Value="66"/>
      </Unit0>
      <Unit1>
        <Filename Value="catlun_main.pas"/>
        <IsPartOfProject Value="True"/>
        <ComponentName Value="f_catlun"/>
        <HasResources Value="True"/>
        <ResourceBaseClass Value="Form"/>
        <TopLine Value="1570"/>
        <CursorPos X="35" Y="1601"/>
        <UsageCount Value="66"/>
        <Bookmarks Count="2">
          <Item0 Y="1444" ID="1"/>
          <Item1 X="68" Y="1139" ID="2"/>
        </Bookmarks>
        <Loaded Value="True"/>
        <LoadedDesigner Value="True"/>
      </Unit1>
      <Unit2>
        <Filename Value="pu_moon.pas"/>
        <IsPartOfProject Value="True"/>
        <ComponentName Value="f_moon"/>
        <HasResources Value="True"/>
        <ResourceBaseClass Value="Form"/>
        <IsVisibleTab Value="True"/>
        <EditorIndex Value="5"/>
        <TopLine Value="354"/>
        <CursorPos X="33" Y="372"/>
        <UsageCount Value="20"/>
        <Loaded Value="True"/>
        <LoadedDesigner Value="True"/>
      </Unit2>
      <Unit3>
        <Filename Value="u_constant.pas"/>
        <EditorIndex Value="2"/>
        <TopLine Value="246"/>
        <CursorPos X="6" Y="265"/>
        <UsageCount Value="19"/>
        <Loaded Value="True"/>
      </Unit3>
      <Unit4>
        <Filename Value="/appli/lazarus/lcl/include/menu.inc"/>
        <TopLine Value="99"/>
        <CursorPos Y="118"/>
        <UsageCount Value="9"/>
      </Unit4>
      <Unit5>
        <Filename Value="u_util.pas"/>
        <EditorIndex Value="-1"/>
        <TopLine Value="161"/>
        <CursorPos X="60" Y="161"/>
        <UsageCount Value="16"/>
      </Unit5>
      <Unit6>
        <Filename Value="../virtualmoon/virtualmoon1.pas"/>
        <ComponentName Value="Form1"/>
        <HasResources Value="True"/>
        <ResourceBaseClass Value="Form"/>
        <TopLine Value="589"/>
        <CursorPos X="52" Y="617"/>
        <UsageCount Value="14"/>
      </Unit6>
      <Unit7>
        <Filename Value="dbutil.pas"/>
        <IsPartOfProject Value="True"/>
        <EditorIndex Value="4"/>
        <TopLine Value="300"/>
        <CursorPos X="22" Y="320"/>
        <UsageCount Value="30"/>
        <Loaded Value="True"/>
      </Unit7>
      <Unit8>
        <Filename Value="../../cdc/skychart/component/libsql/passql.pas"/>
        <TopLine Value="1374"/>
        <CursorPos X="3" Y="1376"/>
        <UsageCount Value="11"/>
      </Unit8>
      <Unit9>
        <Filename Value="/appli/fpc/rtl/objpas/sysutils/datih.inc"/>
        <TopLine Value="111"/>
        <CursorPos X="10" Y="130"/>
        <UsageCount Value="10"/>
      </Unit9>
      <Unit10>
        <Filename Value="/appli/fpc/rtl/objpas/sysutils/dati.inc"/>
        <TopLine Value="702"/>
        <CursorPos X="56" Y="723"/>
        <UsageCount Value="10"/>
      </Unit10>
      <Unit11>
        <Filename Value="catlun_main.lfm"/>
        <TopLine Value="14"/>
        <CursorPos X="36" Y="26"/>
        <UsageCount Value="10"/>
        <DefaultSyntaxHighlighter Value="LFM"/>
      </Unit11>
      <Unit12>
        <Filename Value="u_translation.pas"/>
        <TopLine Value="289"/>
        <CursorPos X="30" Y="315"/>
        <UsageCount Value="10"/>
      </Unit12>
      <Unit13>
        <Filename Value="../../cdc/skychart/component/libsql/passqlite.pas"/>
        <TopLine Value="399"/>
        <CursorPos Y="418"/>
        <UsageCount Value="11"/>
      </Unit13>
      <Unit14>
        <Filename Value="fmsg.pas"/>
        <IsPartOfProject Value="True"/>
        <ComponentName Value="MsgForm"/>
        <HasResources Value="True"/>
        <ResourceBaseClass Value="Form"/>
        <EditorIndex Value="-1"/>
        <TopLine Value="15"/>
        <CursorPos X="24" Y="33"/>
        <UsageCount Value="20"/>
      </Unit14>
      <Unit15>
        <Filename Value="/appli/lazarus/components/glscene/Source/glscene.pas"/>
        <UnitName Value="GLScene"/>
        <TopLine Value="3081"/>
        <CursorPos X="39" Y="3104"/>
        <UsageCount Value="10"/>
      </Unit15>
      <Unit16>
        <Filename Value="../../../cdc/src/skychart/component/libsql/passqlite.pas"/>
        <TopLine Value="410"/>
        <CursorPos Y="418"/>
        <UsageCount Value="14"/>
      </Unit16>
      <Unit17>
        <Filename Value="../../../compiler/lazarus/lcl/comctrls.pp"/>
        <UnitName Value="ComCtrls"/>
        <TopLine Value="1358"/>
        <CursorPos X="23" Y="1379"/>
        <UsageCount Value="10"/>
      </Unit17>
      <Unit18>
        <Filename Value="../../../compiler/lazarus/lcl/controls.pp"/>
        <UnitName Value="Controls"/>
        <TopLine Value="34"/>
        <CursorPos X="3" Y="55"/>
        <UsageCount Value="10"/>
      </Unit18>
      <Unit19>
        <Filename Value="../virtualmoon/component/glscene/Source/Plateform/GLWidgetContext.pas"/>
        <EditorIndex Value="-1"/>
        <TopLine Value="55"/>
        <CursorPos X="65" Y="80"/>
        <UsageCount Value="10"/>
        <DefaultSyntaxHighlighter Value="Delphi"/>
      </Unit19>
      <Unit20>
        <Filename Value="uscaledpi.pas"/>
        <UnitName Value="UScaleDPI"/>
        <EditorIndex Value="3"/>
        <TopLine Value="26"/>
        <CursorPos X="43" Y="36"/>
        <UsageCount Value="10"/>
        <Loaded Value="True"/>
      </Unit20>
      <Unit21>
        <Filename Value="cu_dem.pas"/>
        <EditorIndex Value="1"/>
        <TopLine Value="133"/>
        <CursorPos X="64" Y="131"/>
        <UsageCount Value="10"/>
        <Loaded Value="True"/>
      </Unit21>
    </Units>
    <JumpHistory Count="30" HistoryIndex="29">
      <Position1>
        <Filename Value="catlun_main.pas"/>
        <Caret Line="512" Column="46" TopLine="494"/>
      </Position1>
      <Position2>
        <Filename Value="catlun_main.pas"/>
        <Caret Line="663" Column="3" TopLine="646"/>
      </Position2>
      <Position3>
        <Filename Value="catlun_main.pas"/>
        <Caret Line="789" Column="69" TopLine="771"/>
      </Position3>
      <Position4>
        <Filename Value="catlun_main.pas"/>
        <Caret Line="802" Column="107" TopLine="778"/>
      </Position4>
      <Position5>
        <Filename Value="catlun_main.pas"/>
        <Caret Line="1587" Column="23" TopLine="1570"/>
      </Position5>
      <Position6>
        <Filename Value="catlun_main.pas"/>
        <Caret Line="138" Column="17" TopLine="120"/>
      </Position6>
      <Position7>
        <Filename Value="catlun_main.pas"/>
        <Caret Line="659" Column="52" TopLine="632"/>
      </Position7>
      <Position8>
        <Filename Value="dbutil.pas"/>
        <Caret Line="316" Column="11" TopLine="300"/>
      </Position8>
      <Position9>
        <Filename Value="catlun_main.pas"/>
        <Caret Line="645" Column="54" TopLine="632"/>
      </Position9>
      <Position10>
        <Filename Value="pu_moon.pas"/>
        <Caret Line="20" Column="76" TopLine="10"/>
      </Position10>
      <Position11>
        <Filename Value="pu_moon.pas"/>
        <Caret Line="1270" Column="7" TopLine="1240"/>
      </Position11>
      <Position12>
        <Filename Value="pu_moon.pas"/>
        <Caret Line="205" Column="12" TopLine="188"/>
      </Position12>
      <Position13>
        <Filename Value="pu_moon.pas"/>
        <Caret Line="372" Column="60" TopLine="343"/>
      </Position13>
      <Position14>
        <Filename Value="pu_moon.pas"/>
        <Caret Line="1270" Column="10" TopLine="1240"/>
      </Position14>
      <Position15>
        <Filename Value="pu_moon.pas"/>
        <Caret Line="204" Column="59" TopLine="188"/>
      </Position15>
      <Position16>
        <Filename Value="pu_moon.pas"/>
        <Caret Line="205" Column="12" TopLine="188"/>
      </Position16>
      <Position17>
        <Filename Value="catlun_main.pas"/>
        <Caret Line="667" Column="22" TopLine="642"/>
      </Position17>
      <Position18>
        <Filename Value="catlun_main.pas"/>
        <Caret Line="660" Column="3" TopLine="642"/>
      </Position18>
      <Position19>
        <Filename Value="catlun_main.pas"/>
        <Caret Line="671" Column="89" TopLine="642"/>
      </Position19>
      <Position20>
        <Filename Value="catlun_main.pas"/>
      </Position20>
      <Position21>
        <Filename Value="catlun_main.pas"/>
        <Caret Line="145" Column="12" TopLine="127"/>
      </Position21>
      <Position22>
        <Filename Value="catlun_main.pas"/>
        <Caret Line="22" Column="44"/>
      </Position22>
      <Position23>
        <Filename Value="catlun_main.pas"/>
        <Caret Line="138" Column="17" TopLine="108"/>
      </Position23>
      <Position24>
        <Filename Value="catlun_main.pas"/>
        <Caret Line="659" Column="27" TopLine="632"/>
      </Position24>
      <Position25>
        <Filename Value="catlun_main.pas"/>
        <Caret Line="645" Column="70" TopLine="645"/>
      </Position25>
      <Position26>
        <Filename Value="catlun_main.pas"/>
        <Caret Line="1451" Column="37" TopLine="1444"/>
      </Position26>
      <Position27>
        <Filename Value="catlun_main.pas"/>
        <Caret Line="1546" Column="24" TopLine="1515"/>
      </Position27>
      <Position28>
        <Filename Value="catlun_main.pas"/>
        <Caret Line="798" Column="33" TopLine="780"/>
      </Position28>
      <Position29>
        <Filename Value="catlun_main.pas"/>
        <Caret Line="1433" Column="34" TopLine="1420"/>
      </Position29>
      <Position30>
        <Filename Value="catlun_main.pas"/>
        <Caret Line="1451" Column="36" TopLine="1420"/>
      </Position30>
    </JumpHistory>
  </ProjectOptions>
  <CompilerOptions>
    <Version Value="11"/>
    <SearchPaths>
      <IncludeFiles Value="$(ProjOutDir)"/>
      <UnitOutputDirectory Value="units/$(TargetCPU)-$(TargetOS)-$(LCLWidgetType)"/>
    </SearchPaths>
    <Parsing>
      <SyntaxOptions>
        <UseAnsiStrings Value="False"/>
      </SyntaxOptions>
    </Parsing>
    <Linking>
      <Debugging>
        <DebugInfoType Value="dsDwarf2Set"/>
      </Debugging>
      <Options>
        <Win32>
          <GraphicApplication Value="True"/>
        </Win32>
      </Options>
    </Linking>
  </CompilerOptions>
  <Debugging>
    <Exceptions Count="3">
      <Item1>
        <Name Value="EAbort"/>
      </Item1>
      <Item2>
        <Name Value="ECodetoolError"/>
      </Item2>
      <Item3>
        <Name Value="EFOpenError"/>
      </Item3>
    </Exceptions>
  </Debugging>
</CONFIG>
