<?xml version="1.0" encoding="UTF-8"?>
<CONFIG>
  <ProjectOptions>
    <Version Value="12"/>
    <General>
      <Flags>
        <CompatibilityMode Value="True"/>
      </Flags>
    </General>
    <VersionInfo>
      <Language Value=""/>
      <CharSet Value=""/>
    </VersionInfo>
    <BuildModes Count="3" Active="GTK2">
      <Item1 Name="default" Default="True"/>
      <Item2 Name="win32">
        <MacroValues Count="1">
          <Macro1 Name="LCLWidgetType" Value="win32"/>
        </MacroValues>
        <CompilerOptions>
          <Version Value="11"/>
          <SearchPaths>
            <IncludeFiles Value="$(ProjOutDir)"/>
            <UnitOutputDirectory Value="units/$(TargetCPU)-$(TargetOS)-$(LCLWidgetType)"/>
          </SearchPaths>
          <Parsing>
            <SyntaxOptions>
              <UseAnsiStrings Value="False"/>
            </SyntaxOptions>
          </Parsing>
          <CodeGeneration>
            <TargetCPU Value="i386"/>
            <TargetOS Value="win32"/>
          </CodeGeneration>
          <Linking>
            <Options>
              <Win32>
                <GraphicApplication Value="True"/>
              </Win32>
            </Options>
          </Linking>
        </CompilerOptions>
      </Item2>
      <Item3 Name="GTK2">
        <MacroValues Count="1">
          <Macro2 Name="LCLWidgetType" Value="gtk2"/>
        </MacroValues>
        <CompilerOptions>
          <Version Value="11"/>
          <SearchPaths>
            <IncludeFiles Value="$(ProjOutDir)"/>
            <UnitOutputDirectory Value="units/$(TargetCPU)-$(TargetOS)-$(LCLWidgetType)"/>
          </SearchPaths>
          <Parsing>
            <SyntaxOptions>
              <UseAnsiStrings Value="False"/>
            </SyntaxOptions>
          </Parsing>
          <Linking>
            <Debugging>
              <DebugInfoType Value="dsDwarf2Set"/>
            </Debugging>
            <Options>
              <Win32>
                <GraphicApplication Value="True"/>
              </Win32>
            </Options>
          </Linking>
        </CompilerOptions>
      </Item3>
      <SharedMatrixOptions Count="2">
        <Item1 ID="084704158726" Modes="win32" Type="IDEMacro" MacroName="LCLWidgetType" Value="win32"/>
        <Item2 ID="593425979080" Modes="GTK2" Type="IDEMacro" MacroName="LCLWidgetType" Value="gtk2"/>
      </SharedMatrixOptions>
    </BuildModes>
    <PublishOptions>
      <Version Value="2"/>
    </PublishOptions>
    <RunParams>
      <local>
        <LaunchingApplication PathPlusParams="/usr/lib/wine/wine $(TargetCmdLine)"/>
        <WorkingDirectory Value="/usr/bin"/>
      </local>
      <FormatVersion Value="2"/>
      <Modes Count="1">
        <Mode0 Name="default">
          <local>
            <LaunchingApplication PathPlusParams="/usr/lib/wine/wine $(TargetCmdLine)"/>
            <WorkingDirectory Value="/usr/bin"/>
          </local>
        </Mode0>
      </Modes>
    </RunParams>
    <RequiredPackages Count="6">
      <Item1>
        <PackageName Value="BGRABitmapPack"/>
      </Item1>
      <Item2>
        <PackageName Value="GLScene_RunTime"/>
      </Item2>
      <Item3>
        <PackageName Value="GLScene_DesignTime"/>
      </Item3>
      <Item4>
        <PackageName Value="TurboPowerIPro"/>
        <MinVersion Major="1" Valid="True"/>
      </Item4>
      <Item5>
        <PackageName Value="Printer4Lazarus"/>
      </Item5>
      <Item6>
        <PackageName Value="LCL"/>
      </Item6>
    </RequiredPackages>
    <Units Count="29">
      <Unit0>
        <Filename Value="catlun.lpr"/>
        <IsPartOfProject Value="True"/>
        <EditorIndex Value="-1"/>
        <CursorPos X="29" Y="18"/>
        <UsageCount Value="83"/>
      </Unit0>
      <Unit1>
        <Filename Value="catlun_main.pas"/>
        <IsPartOfProject Value="True"/>
        <ComponentName Value="f_catlun"/>
        <HasResources Value="True"/>
        <ResourceBaseClass Value="Form"/>
        <TopLine Value="416"/>
        <CursorPos X="98" Y="420"/>
        <UsageCount Value="83"/>
        <Bookmarks Count="5">
          <Item0 X="46" Y="508" Left="1" Top="486" ID="2"/>
          <Item1 X="40" Y="482" Left="1" Top="448" ID="3"/>
          <Item2 X="66" Y="608" Left="1" Top="575" ID="4"/>
          <Item3 X="27" Y="530" Left="1" Top="499"/>
          <Item4 X="3" Y="766" Left="1" Top="740" ID="1"/>
        </Bookmarks>
        <Loaded Value="True"/>
        <LoadedDesigner Value="True"/>
      </Unit1>
      <Unit2>
        <Filename Value="pu_moon.pas"/>
        <IsPartOfProject Value="True"/>
        <ComponentName Value="f_moon"/>
        <HasResources Value="True"/>
        <ResourceBaseClass Value="Form"/>
        <IsVisibleTab Value="True"/>
        <EditorIndex Value="1"/>
        <TopLine Value="1776"/>
        <CursorPos X="52" Y="1796"/>
        <UsageCount Value="37"/>
        <Loaded Value="True"/>
        <LoadedDesigner Value="True"/>
      </Unit2>
      <Unit3>
        <Filename Value="u_constant.pas"/>
        <EditorIndex Value="-1"/>
        <TopLine Value="38"/>
        <CursorPos X="7" Y="56"/>
        <UsageCount Value="26"/>
      </Unit3>
      <Unit4>
        <Filename Value="/appli/lazarus/lcl/include/menu.inc"/>
        <TopLine Value="99"/>
        <CursorPos Y="118"/>
        <UsageCount Value="8"/>
      </Unit4>
      <Unit5>
        <Filename Value="u_util.pas"/>
        <EditorIndex Value="-1"/>
        <TopLine Value="1039"/>
        <CursorPos X="48" Y="1046"/>
        <UsageCount Value="20"/>
      </Unit5>
      <Unit6>
        <Filename Value="../virtualmoon/virtualmoon1.pas"/>
        <ComponentName Value="Form1"/>
        <HasResources Value="True"/>
        <ResourceBaseClass Value="Form"/>
        <TopLine Value="589"/>
        <CursorPos X="52" Y="617"/>
        <UsageCount Value="13"/>
      </Unit6>
      <Unit7>
        <Filename Value="dbutil.pas"/>
        <EditorIndex Value="-1"/>
        <TopLine Value="12"/>
        <CursorPos X="63" Y="26"/>
        <UsageCount Value="29"/>
      </Unit7>
      <Unit8>
        <Filename Value="../../cdc/skychart/component/libsql/passql.pas"/>
        <TopLine Value="1374"/>
        <CursorPos X="3" Y="1376"/>
        <UsageCount Value="10"/>
      </Unit8>
      <Unit9>
        <Filename Value="/appli/fpc/rtl/objpas/sysutils/datih.inc"/>
        <TopLine Value="111"/>
        <CursorPos X="10" Y="130"/>
        <UsageCount Value="9"/>
      </Unit9>
      <Unit10>
        <Filename Value="/appli/fpc/rtl/objpas/sysutils/dati.inc"/>
        <TopLine Value="702"/>
        <CursorPos X="56" Y="723"/>
        <UsageCount Value="9"/>
      </Unit10>
      <Unit11>
        <Filename Value="catlun_main.lfm"/>
        <TopLine Value="14"/>
        <CursorPos X="36" Y="26"/>
        <UsageCount Value="9"/>
        <DefaultSyntaxHighlighter Value="LFM"/>
      </Unit11>
      <Unit12>
        <Filename Value="u_translation.pas"/>
        <EditorIndex Value="-1"/>
        <TopLine Value="7"/>
        <CursorPos X="60" Y="32"/>
        <UsageCount Value="10"/>
      </Unit12>
      <Unit13>
        <Filename Value="../../cdc/skychart/component/libsql/passqlite.pas"/>
        <TopLine Value="399"/>
        <CursorPos Y="418"/>
        <UsageCount Value="10"/>
      </Unit13>
      <Unit14>
        <Filename Value="fmsg.pas"/>
        <ComponentName Value="MsgForm"/>
        <HasResources Value="True"/>
        <ResourceBaseClass Value="Form"/>
        <EditorIndex Value="-1"/>
        <TopLine Value="23"/>
        <CursorPos X="59" Y="44"/>
        <UsageCount Value="35"/>
      </Unit14>
      <Unit15>
        <Filename Value="/appli/lazarus/components/glscene/Source/glscene.pas"/>
        <UnitName Value="GLScene"/>
        <TopLine Value="3081"/>
        <CursorPos X="39" Y="3104"/>
        <UsageCount Value="9"/>
      </Unit15>
      <Unit16>
        <Filename Value="../../../cdc/src/skychart/component/libsql/passqlite.pas"/>
        <TopLine Value="410"/>
        <CursorPos Y="418"/>
        <UsageCount Value="13"/>
      </Unit16>
      <Unit17>
        <Filename Value="../../../compiler/lazarus/lcl/comctrls.pp"/>
        <UnitName Value="ComCtrls"/>
        <TopLine Value="1358"/>
        <CursorPos X="23" Y="1379"/>
        <UsageCount Value="9"/>
      </Unit17>
      <Unit18>
        <Filename Value="../../../compiler/lazarus/lcl/controls.pp"/>
        <UnitName Value="Controls"/>
        <TopLine Value="34"/>
        <CursorPos X="3" Y="55"/>
        <UsageCount Value="9"/>
      </Unit18>
      <Unit19>
        <Filename Value="../virtualmoon/component/glscene/Source/Plateform/GLWidgetContext.pas"/>
        <EditorIndex Value="-1"/>
        <TopLine Value="55"/>
        <CursorPos X="65" Y="80"/>
        <UsageCount Value="9"/>
        <DefaultSyntaxHighlighter Value="Delphi"/>
      </Unit19>
      <Unit20>
        <Filename Value="uscaledpi.pas"/>
        <UnitName Value="UScaleDPI"/>
        <EditorIndex Value="-1"/>
        <TopLine Value="26"/>
        <CursorPos X="43" Y="36"/>
        <UsageCount Value="11"/>
      </Unit20>
      <Unit21>
        <Filename Value="cu_dem.pas"/>
        <EditorIndex Value="-1"/>
        <TopLine Value="133"/>
        <CursorPos X="64" Y="131"/>
        <UsageCount Value="11"/>
      </Unit21>
      <Unit22>
        <Filename Value="mlb2.pas"/>
        <EditorIndex Value="-1"/>
        <TopLine Value="1220"/>
        <CursorPos Y="1246"/>
        <UsageCount Value="15"/>
      </Unit22>
      <Unit23>
        <Filename Value="../../../compiler/lazarus/lcl/include/control.inc"/>
        <EditorIndex Value="-1"/>
        <TopLine Value="3615"/>
        <CursorPos Y="3631"/>
        <UsageCount Value="14"/>
      </Unit23>
      <Unit24>
        <Filename Value="../../../compiler/lazarus/lcl/include/customcombobox.inc"/>
        <EditorIndex Value="-1"/>
        <TopLine Value="1007"/>
        <CursorPos Y="1028"/>
        <UsageCount Value="10"/>
      </Unit24>
      <Unit25>
        <Filename Value="../../../compiler/fpc/rtl/objpas/sysutils/sysinth.inc"/>
        <EditorIndex Value="-1"/>
        <TopLine Value="115"/>
        <CursorPos X="75" Y="134"/>
        <UsageCount Value="10"/>
      </Unit25>
      <Unit26>
        <Filename Value="../../../compiler/lazarus/lcl/include/menu.inc"/>
        <EditorIndex Value="-1"/>
        <TopLine Value="121"/>
        <CursorPos Y="138"/>
        <UsageCount Value="10"/>
      </Unit26>
      <Unit27>
        <Filename Value="../../../compiler/fpc/rtl/objpas/sysutils/sysstrh.inc"/>
        <EditorIndex Value="-1"/>
        <TopLine Value="212"/>
        <CursorPos X="10" Y="231"/>
        <UsageCount Value="10"/>
      </Unit27>
      <Unit28>
        <Filename Value="../../../compiler/lazarus/lcl/stdctrls.pp"/>
        <UnitName Value="StdCtrls"/>
        <EditorIndex Value="-1"/>
        <TopLine Value="843"/>
        <CursorPos X="30" Y="861"/>
        <UsageCount Value="10"/>
      </Unit28>
    </Units>
    <JumpHistory Count="29" HistoryIndex="28">
      <Position1>
        <Filename Value="catlun_main.pas"/>
        <Caret Line="722" TopLine="698"/>
      </Position1>
      <Position2>
        <Filename Value="catlun_main.pas"/>
        <Caret Line="859" Column="11" TopLine="828"/>
      </Position2>
      <Position3>
        <Filename Value="catlun_main.pas"/>
      </Position3>
      <Position4>
        <Filename Value="catlun_main.pas"/>
        <Caret Line="37" Column="10" TopLine="6"/>
      </Position4>
      <Position5>
        <Filename Value="catlun_main.pas"/>
        <Caret Line="76" Column="20" TopLine="46"/>
      </Position5>
      <Position6>
        <Filename Value="catlun_main.pas"/>
        <Caret Line="524" Column="8" TopLine="493"/>
      </Position6>
      <Position7>
        <Filename Value="catlun_main.pas"/>
        <Caret Line="525" Column="27" TopLine="494"/>
      </Position7>
      <Position8>
        <Filename Value="catlun_main.pas"/>
        <Caret Line="658" Column="6" TopLine="627"/>
      </Position8>
      <Position9>
        <Filename Value="catlun_main.pas"/>
        <Caret Line="884" Column="28" TopLine="858"/>
      </Position9>
      <Position10>
        <Filename Value="catlun_main.pas"/>
        <Caret Line="871" Column="39" TopLine="858"/>
      </Position10>
      <Position11>
        <Filename Value="catlun_main.pas"/>
        <Caret Line="672" Column="65" TopLine="642"/>
      </Position11>
      <Position12>
        <Filename Value="catlun_main.pas"/>
        <Caret Line="878" Column="41" TopLine="848"/>
      </Position12>
      <Position13>
        <Filename Value="catlun_main.pas"/>
        <Caret Line="881" Column="23" TopLine="854"/>
      </Position13>
      <Position14>
        <Filename Value="catlun_main.pas"/>
        <Caret Line="882" Column="64" TopLine="867"/>
      </Position14>
      <Position15>
        <Filename Value="catlun_main.pas"/>
        <Caret Line="726" Column="3" TopLine="724"/>
      </Position15>
      <Position16>
        <Filename Value="catlun_main.pas"/>
        <Caret Line="723" TopLine="712"/>
      </Position16>
      <Position17>
        <Filename Value="catlun_main.pas"/>
        <Caret Line="904" Column="49" TopLine="889"/>
      </Position17>
      <Position18>
        <Filename Value="catlun_main.pas"/>
        <Caret Line="911" Column="49" TopLine="896"/>
      </Position18>
      <Position19>
        <Filename Value="catlun_main.pas"/>
        <Caret Line="762" Column="3" TopLine="739"/>
      </Position19>
      <Position20>
        <Filename Value="catlun_main.pas"/>
      </Position20>
      <Position21>
        <Filename Value="catlun_main.pas"/>
        <Caret Line="103" Column="19" TopLine="73"/>
      </Position21>
      <Position22>
        <Filename Value="catlun_main.pas"/>
        <Caret Line="784" Column="5" TopLine="753"/>
      </Position22>
      <Position23>
        <Filename Value="catlun_main.pas"/>
        <Caret Line="841" TopLine="816"/>
      </Position23>
      <Position24>
        <Filename Value="catlun_main.pas"/>
        <Caret Line="798" TopLine="770"/>
      </Position24>
      <Position25>
        <Filename Value="catlun_main.pas"/>
        <Caret Line="754" Column="84" TopLine="741"/>
      </Position25>
      <Position26>
        <Filename Value="catlun_main.pas"/>
      </Position26>
      <Position27>
        <Filename Value="catlun_main.pas"/>
        <Caret Line="47" Column="12" TopLine="16"/>
      </Position27>
      <Position28>
        <Filename Value="catlun_main.pas"/>
        <Caret Line="423" Column="16" TopLine="393"/>
      </Position28>
      <Position29>
        <Filename Value="catlun_main.pas"/>
        <Caret Line="215" Column="39" TopLine="185"/>
      </Position29>
    </JumpHistory>
  </ProjectOptions>
  <CompilerOptions>
    <Version Value="11"/>
    <SearchPaths>
      <IncludeFiles Value="$(ProjOutDir)"/>
      <UnitOutputDirectory Value="units/$(TargetCPU)-$(TargetOS)-$(LCLWidgetType)"/>
    </SearchPaths>
    <Parsing>
      <SyntaxOptions>
        <UseAnsiStrings Value="False"/>
      </SyntaxOptions>
    </Parsing>
    <Linking>
      <Debugging>
        <DebugInfoType Value="dsDwarf2Set"/>
      </Debugging>
      <Options>
        <Win32>
          <GraphicApplication Value="True"/>
        </Win32>
      </Options>
    </Linking>
  </CompilerOptions>
  <Debugging>
    <Exceptions Count="3">
      <Item1>
        <Name Value="EAbort"/>
      </Item1>
      <Item2>
        <Name Value="ECodetoolError"/>
      </Item2>
      <Item3>
        <Name Value="EFOpenError"/>
      </Item3>
    </Exceptions>
  </Debugging>
</CONFIG>
