<?xml version="1.0" encoding="UTF-8"?>
<CONFIG>
  <ProjectOptions>
    <Version Value="12"/>
    <General>
      <Flags>
        <CompatibilityMode Value="True"/>
      </Flags>
      <ResourceType Value="res"/>
      <UseXPManifest Value="True"/>
      <XPManifest>
        <DpiAware Value="True"/>
      </XPManifest>
      <Icon Value="0"/>
    </General>
    <i18n>
      <EnableI18N LFM="False"/>
    </i18n>
    <BuildModes Count="2" Active="Default">
      <Item1 Name="Default" Default="True"/>
      <Item2 Name="win32">
        <MacroValues Count="1">
          <Macro1 Name="LCLWidgetType" Value="win32"/>
        </MacroValues>
        <CompilerOptions>
          <Version Value="11"/>
          <Target>
            <Filename Value="cclun"/>
          </Target>
          <SearchPaths>
            <IncludeFiles Value="$(ProjOutDir)"/>
            <OtherUnitFiles Value="../virtualmoon"/>
            <UnitOutputDirectory Value="units/$(TargetCPU)-$(TargetOS)-$(LCLWidgetType)"/>
          </SearchPaths>
          <CodeGeneration>
            <TargetCPU Value="i386"/>
            <TargetOS Value="win32"/>
          </CodeGeneration>
          <Linking>
            <Options>
              <Win32>
                <GraphicApplication Value="True"/>
              </Win32>
            </Options>
          </Linking>
        </CompilerOptions>
      </Item2>
      <SharedMatrixOptions Count="1">
        <Item1 ID="356878735002" Modes="win32" Type="IDEMacro" MacroName="LCLWidgetType" Value="win32"/>
      </SharedMatrixOptions>
    </BuildModes>
    <PublishOptions>
      <Version Value="2"/>
    </PublishOptions>
    <RunParams>
      <local>
        <WorkingDirectory Value="/usr/bin"/>
      </local>
      <FormatVersion Value="2"/>
      <Modes Count="1">
        <Mode0 Name="default">
          <local>
            <WorkingDirectory Value="/usr/bin"/>
          </local>
        </Mode0>
      </Modes>
    </RunParams>
    <RequiredPackages Count="2">
      <Item1>
        <PackageName Value="libsql"/>
      </Item1>
      <Item2>
        <PackageName Value="LCL"/>
      </Item2>
    </RequiredPackages>
    <Units Count="9">
      <Unit0>
        <Filename Value="cclun.lpr"/>
        <IsPartOfProject Value="True"/>
        <EditorIndex Value="3"/>
        <CursorPos X="38" Y="11"/>
        <UsageCount Value="28"/>
        <Loaded Value="True"/>
      </Unit0>
      <Unit1>
        <Filename Value="cclun_main.pas"/>
        <IsPartOfProject Value="True"/>
        <ComponentName Value="f_cclun"/>
        <HasResources Value="True"/>
        <ResourceBaseClass Value="Form"/>
        <IsVisibleTab Value="True"/>
        <TopLine Value="360"/>
        <CursorPos X="52" Y="368"/>
        <UsageCount Value="28"/>
        <Loaded Value="True"/>
        <LoadedDesigner Value="True"/>
      </Unit1>
      <Unit2>
        <Filename Value="u_translation.pas"/>
        <IsPartOfProject Value="True"/>
        <EditorIndex Value="1"/>
        <TopLine Value="10"/>
        <CursorPos X="15" Y="19"/>
        <UsageCount Value="25"/>
        <Loaded Value="True"/>
      </Unit2>
      <Unit3>
        <Filename Value="u_constant.pas"/>
        <EditorIndex Value="-1"/>
        <TopLine Value="189"/>
        <CursorPos X="63" Y="218"/>
        <UsageCount Value="24"/>
      </Unit3>
      <Unit4>
        <Filename Value="u_util.pas"/>
        <TopLine Value="23"/>
        <CursorPos X="35" Y="24"/>
        <UsageCount Value="20"/>
      </Unit4>
      <Unit5>
        <Filename Value="../../../lazarus/lcl/controls.pp"/>
        <UnitName Value="Controls"/>
        <TopLine Value="1302"/>
        <CursorPos X="15" Y="1339"/>
        <UsageCount Value="10"/>
      </Unit5>
      <Unit6>
        <Filename Value="../../../compiler/lazarus/lcl/menus.pp"/>
        <UnitName Value="Menus"/>
        <TopLine Value="386"/>
        <CursorPos X="18" Y="407"/>
        <UsageCount Value="10"/>
      </Unit6>
      <Unit7>
        <Filename Value="../../../compiler/lazarus/lcl/include/popupmenu.inc"/>
        <TopLine Value="64"/>
        <CursorPos X="3" Y="80"/>
        <UsageCount Value="10"/>
      </Unit7>
      <Unit8>
        <Filename Value="../virtualmoon/u_constant.pas"/>
        <IsPartOfProject Value="True"/>
        <EditorIndex Value="2"/>
        <TopLine Value="132"/>
        <CursorPos X="51" Y="162"/>
        <UsageCount Value="21"/>
        <Loaded Value="True"/>
      </Unit8>
    </Units>
    <JumpHistory Count="30" HistoryIndex="29">
      <Position1>
        <Filename Value="cclun_main.pas"/>
        <Caret Line="297" TopLine="277"/>
      </Position1>
      <Position2>
        <Filename Value="cclun_main.pas"/>
        <Caret Line="302" TopLine="277"/>
      </Position2>
      <Position3>
        <Filename Value="cclun_main.pas"/>
        <Caret Line="303" TopLine="277"/>
      </Position3>
      <Position4>
        <Filename Value="cclun_main.pas"/>
        <Caret Line="308" TopLine="280"/>
      </Position4>
      <Position5>
        <Filename Value="cclun_main.pas"/>
        <Caret Line="309" TopLine="281"/>
      </Position5>
      <Position6>
        <Filename Value="cclun_main.pas"/>
        <Caret Line="310" TopLine="282"/>
      </Position6>
      <Position7>
        <Filename Value="cclun_main.pas"/>
        <Caret Line="329" TopLine="312"/>
      </Position7>
      <Position8>
        <Filename Value="cclun_main.pas"/>
        <Caret Line="339" TopLine="312"/>
      </Position8>
      <Position9>
        <Filename Value="cclun_main.pas"/>
        <Caret Line="340" TopLine="312"/>
      </Position9>
      <Position10>
        <Filename Value="cclun_main.pas"/>
        <Caret Line="341" Column="21" TopLine="325"/>
      </Position10>
      <Position11>
        <Filename Value="cclun_main.pas"/>
        <Caret Line="242" TopLine="225"/>
      </Position11>
      <Position12>
        <Filename Value="cclun_main.pas"/>
        <Caret Line="243" TopLine="226"/>
      </Position12>
      <Position13>
        <Filename Value="cclun_main.pas"/>
        <Caret Line="242" TopLine="225"/>
      </Position13>
      <Position14>
        <Filename Value="cclun_main.pas"/>
        <Caret Line="243" TopLine="226"/>
      </Position14>
      <Position15>
        <Filename Value="cclun_main.pas"/>
        <Caret Line="245" TopLine="228"/>
      </Position15>
      <Position16>
        <Filename Value="cclun_main.pas"/>
        <Caret Line="495" Column="18" TopLine="475"/>
      </Position16>
      <Position17>
        <Filename Value="cclun_main.pas"/>
        <Caret Line="376" Column="56" TopLine="361"/>
      </Position17>
      <Position18>
        <Filename Value="cclun_main.pas"/>
      </Position18>
      <Position19>
        <Filename Value="cclun_main.pas"/>
        <Caret Line="346" Column="39" TopLine="314"/>
      </Position19>
      <Position20>
        <Filename Value="cclun_main.pas"/>
        <Caret Line="405" Column="40" TopLine="374"/>
      </Position20>
      <Position21>
        <Filename Value="cclun_main.pas"/>
        <Caret Line="466" Column="20" TopLine="443"/>
      </Position21>
      <Position22>
        <Filename Value="cclun_main.pas"/>
        <Caret Line="490" Column="20" TopLine="371"/>
      </Position22>
      <Position23>
        <Filename Value="cclun_main.pas"/>
      </Position23>
      <Position24>
        <Filename Value="cclun_main.pas"/>
        <Caret Line="345" Column="9" TopLine="314"/>
      </Position24>
      <Position25>
        <Filename Value="cclun_main.pas"/>
        <Caret Line="325" Column="86" TopLine="314"/>
      </Position25>
      <Position26>
        <Filename Value="cclun_main.pas"/>
      </Position26>
      <Position27>
        <Filename Value="cclun_main.pas"/>
        <Caret Line="402" Column="18" TopLine="372"/>
      </Position27>
      <Position28>
        <Filename Value="cclun_main.pas"/>
        <Caret Line="400" Column="36" TopLine="372"/>
      </Position28>
      <Position29>
        <Filename Value="cclun_main.pas"/>
        <Caret Line="399" Column="45" TopLine="372"/>
      </Position29>
      <Position30>
        <Filename Value="cclun_main.pas"/>
      </Position30>
    </JumpHistory>
  </ProjectOptions>
  <CompilerOptions>
    <Version Value="11"/>
    <Target>
      <Filename Value="cclun"/>
    </Target>
    <SearchPaths>
      <IncludeFiles Value="$(ProjOutDir)"/>
      <OtherUnitFiles Value="../virtualmoon"/>
      <UnitOutputDirectory Value="units/$(TargetCPU)-$(TargetOS)-$(LCLWidgetType)"/>
    </SearchPaths>
    <Linking>
      <Debugging>
        <DebugInfoType Value="dsDwarf2"/>
        <UseHeaptrc Value="True"/>
      </Debugging>
      <Options>
        <Win32>
          <GraphicApplication Value="True"/>
        </Win32>
      </Options>
    </Linking>
  </CompilerOptions>
  <Debugging>
    <Exceptions Count="3">
      <Item1>
        <Name Value="EAbort"/>
      </Item1>
      <Item2>
        <Name Value="ECodetoolError"/>
      </Item2>
      <Item3>
        <Name Value="EFOpenError"/>
      </Item3>
    </Exceptions>
  </Debugging>
</CONFIG>
