<?xml version="1.0" encoding="UTF-8"?>
<CONFIG>
  <ProjectOptions>
    <Version Value="11"/>
    <General>
      <MainUnit Value="0"/>
      <ResourceType Value="res"/>
      <UseXPManifest Value="True"/>
      <Icon Value="0"/>
    </General>
    <i18n>
      <EnableI18N LFM="False"/>
    </i18n>
    <BuildModes Count="1" Active="Default">
      <Item1 Name="Default" Default="True"/>
    </BuildModes>
    <PublishOptions>
      <Version Value="2"/>
    </PublishOptions>
    <RunParams>
      <local>
        <WorkingDirectory Value="/home/astro/bin"/>
      </local>
      <FormatVersion Value="2"/>
      <Modes Count="1">
        <Mode0 Name="default">
          <local>
            <WorkingDirectory Value="/home/astro/bin"/>
          </local>
        </Mode0>
      </Modes>
    </RunParams>
    <RequiredPackages Count="2">
      <Item1>
        <PackageName Value="libsql"/>
      </Item1>
      <Item2>
        <PackageName Value="LCL"/>
      </Item2>
    </RequiredPackages>
    <Units Count="9">
      <Unit0>
        <Filename Value="cclun.lpr"/>
        <IsPartOfProject Value="True"/>
        <UsageCount Value="27"/>
      </Unit0>
      <Unit1>
        <Filename Value="cclun_main.pas"/>
        <IsPartOfProject Value="True"/>
        <ComponentName Value="f_cclun"/>
        <HasResources Value="True"/>
        <ResourceBaseClass Value="Form"/>
        <IsVisibleTab Value="True"/>
        <TopLine Value="412"/>
        <CursorPos X="63" Y="427"/>
        <UsageCount Value="27"/>
        <Loaded Value="True"/>
        <LoadedDesigner Value="True"/>
      </Unit1>
      <Unit2>
        <Filename Value="u_translation.pas"/>
        <IsPartOfProject Value="True"/>
        <EditorIndex Value="-1"/>
        <CursorPos X="27" Y="8"/>
        <UsageCount Value="24"/>
      </Unit2>
      <Unit3>
        <Filename Value="u_constant.pas"/>
        <EditorIndex Value="-1"/>
        <TopLine Value="189"/>
        <CursorPos X="63" Y="218"/>
        <UsageCount Value="24"/>
      </Unit3>
      <Unit4>
        <Filename Value="u_util.pas"/>
        <TopLine Value="23"/>
        <CursorPos X="35" Y="24"/>
        <UsageCount Value="20"/>
      </Unit4>
      <Unit5>
        <Filename Value="../../../lazarus/lcl/controls.pp"/>
        <UnitName Value="Controls"/>
        <TopLine Value="1302"/>
        <CursorPos X="15" Y="1339"/>
        <UsageCount Value="10"/>
      </Unit5>
      <Unit6>
        <Filename Value="../../../compiler/lazarus/lcl/menus.pp"/>
        <UnitName Value="Menus"/>
        <TopLine Value="386"/>
        <CursorPos X="18" Y="407"/>
        <UsageCount Value="10"/>
      </Unit6>
      <Unit7>
        <Filename Value="../../../compiler/lazarus/lcl/include/popupmenu.inc"/>
        <TopLine Value="64"/>
        <CursorPos X="3" Y="80"/>
        <UsageCount Value="10"/>
      </Unit7>
      <Unit8>
        <Filename Value="../virtualmoon/u_constant.pas"/>
        <IsPartOfProject Value="True"/>
        <EditorIndex Value="-1"/>
        <CursorPos X="65" Y="26"/>
        <UsageCount Value="20"/>
      </Unit8>
    </Units>
    <JumpHistory Count="26" HistoryIndex="25">
      <Position1>
        <Filename Value="cclun_main.pas"/>
        <Caret Line="258" Column="18" TopLine="251"/>
      </Position1>
      <Position2>
        <Filename Value="cclun_main.pas"/>
        <Caret Line="18" Column="47"/>
      </Position2>
      <Position3>
        <Filename Value="cclun_main.pas"/>
        <Caret Line="26" Column="33"/>
      </Position3>
      <Position4>
        <Filename Value="cclun_main.pas"/>
        <Caret Line="446" Column="90" TopLine="421"/>
      </Position4>
      <Position5>
        <Filename Value="cclun_main.pas"/>
        <Caret Line="447" Column="90" TopLine="422"/>
      </Position5>
      <Position6>
        <Filename Value="cclun_main.pas"/>
        <Caret Line="448" Column="90" TopLine="423"/>
      </Position6>
      <Position7>
        <Filename Value="cclun_main.pas"/>
        <Caret Line="449" Column="90" TopLine="424"/>
      </Position7>
      <Position8>
        <Filename Value="cclun_main.pas"/>
        <Caret Line="456" Column="90" TopLine="431"/>
      </Position8>
      <Position9>
        <Filename Value="cclun_main.pas"/>
        <Caret Line="405" Column="19" TopLine="384"/>
      </Position9>
      <Position10>
        <Filename Value="cclun_main.pas"/>
        <Caret Line="411" Column="16" TopLine="397"/>
      </Position10>
      <Position11>
        <Filename Value="cclun_main.pas"/>
        <Caret Line="422" Column="25" TopLine="403"/>
      </Position11>
      <Position12>
        <Filename Value="cclun_main.pas"/>
        <Caret Line="417" Column="3" TopLine="415"/>
      </Position12>
      <Position13>
        <Filename Value="cclun_main.pas"/>
        <Caret Line="422" Column="3" TopLine="420"/>
      </Position13>
      <Position14>
        <Filename Value="cclun_main.pas"/>
        <Caret Line="417" Column="19" TopLine="403"/>
      </Position14>
      <Position15>
        <Filename Value="cclun_main.pas"/>
        <Caret Line="407" TopLine="405"/>
      </Position15>
      <Position16>
        <Filename Value="cclun_main.pas"/>
        <Caret Line="412" TopLine="410"/>
      </Position16>
      <Position17>
        <Filename Value="cclun_main.pas"/>
        <Caret Line="417" Column="3" TopLine="415"/>
      </Position17>
      <Position18>
        <Filename Value="cclun_main.pas"/>
        <Caret Line="423" TopLine="409"/>
      </Position18>
      <Position19>
        <Filename Value="cclun_main.pas"/>
        <Caret Line="484" Column="16" TopLine="450"/>
      </Position19>
      <Position20>
        <Filename Value="cclun_main.pas"/>
        <Caret Line="485" Column="16" TopLine="450"/>
      </Position20>
      <Position21>
        <Filename Value="cclun_main.pas"/>
        <Caret Line="282" Column="81" TopLine="262"/>
      </Position21>
      <Position22>
        <Filename Value="cclun_main.pas"/>
      </Position22>
      <Position23>
        <Filename Value="cclun_main.pas"/>
        <Caret Line="368" Column="32" TopLine="329"/>
      </Position23>
      <Position24>
        <Filename Value="cclun_main.pas"/>
        <Caret Line="209" Column="9" TopLine="187"/>
      </Position24>
      <Position25>
        <Filename Value="cclun_main.pas"/>
        <Caret Line="325" Column="63" TopLine="305"/>
      </Position25>
      <Position26>
        <Filename Value="cclun_main.pas"/>
        <Caret Line="326" Column="41" TopLine="305"/>
      </Position26>
    </JumpHistory>
  </ProjectOptions>
  <CompilerOptions>
    <Version Value="11"/>
    <Target>
      <Filename Value="cclun"/>
    </Target>
    <SearchPaths>
      <IncludeFiles Value="$(ProjOutDir)"/>
      <OtherUnitFiles Value="../virtualmoon"/>
      <UnitOutputDirectory Value="units/$(TargetCPU)-$(TargetOS)-$(LCLWidgetType)"/>
    </SearchPaths>
    <Linking>
      <Options>
        <Win32>
          <GraphicApplication Value="True"/>
        </Win32>
      </Options>
    </Linking>
  </CompilerOptions>
  <Debugging>
    <Exceptions Count="3">
      <Item1>
        <Name Value="EAbort"/>
      </Item1>
      <Item2>
        <Name Value="ECodetoolError"/>
      </Item2>
      <Item3>
        <Name Value="EFOpenError"/>
      </Item3>
    </Exceptions>
  </Debugging>
</CONFIG>
