<?xml version="1.0"?>
<CONFIG>
  <ProjectOptions>
    <PathDelim Value="\"/>
    <Version Value="7"/>
    <General>
      <MainUnit Value="0"/>
      <TargetFileExt Value=".exe"/>
      <Title Value="vmapro"/>
      <Icon Value="0"/>
      <ActiveEditorIndexAtStart Value="3"/>
    </General>
    <VersionInfo>
      <ProjectVersion Value=""/>
    </VersionInfo>
    <PublishOptions>
      <Version Value="2"/>
      <IgnoreBinaries Value="False"/>
      <IncludeFileFilter Value="*.(pas|pp|inc|lfm|lpr|lrs|lpi|lpk|sh|xml)"/>
      <ExcludeFileFilter Value="*.(bak|ppu|ppw|o|so);*~;backup"/>
    </PublishOptions>
    <RunParams>
      <local>
        <FormatVersion Value="1"/>
        <LaunchingApplication PathPlusParams="\usr\X11R6\bin\xterm -T 'Lazarus Run Output' -e $(LazarusDir)\tools\runwait.sh $(TargetCmdLine)"/>
        <WorkingDirectory Value="\home\pch\vma\bin"/>
      </local>
    </RunParams>
    <RequiredPackages Count="10">
      <Item1>
        <PackageName Value="uniqueinstance_package"/>
        <MinVersion Minor="2" Release="1" Valid="True"/>
      </Item1>
      <Item2>
        <PackageName Value="TurboPowerIPro"/>
        <MinVersion Major="1" Valid="True"/>
      </Item2>
      <Item3>
        <PackageName Value="series96"/>
      </Item3>
      <Item4>
        <PackageName Value="elp82"/>
      </Item4>
      <Item5>
        <PackageName Value="ImagesForLazarus"/>
      </Item5>
      <Item6>
        <PackageName Value="Printer4Lazarus"/>
        <MinVersion Minor="5" Valid="True"/>
      </Item6>
      <Item7>
        <PackageName Value="glscenelazarus"/>
        <MinVersion Major="1" Build="3" Valid="True"/>
      </Item7>
      <Item8>
        <PackageName Value="enhedit"/>
        <MinVersion Valid="True"/>
      </Item8>
      <Item9>
        <PackageName Value="libsql"/>
        <MinVersion Valid="True"/>
      </Item9>
      <Item10>
        <PackageName Value="LCL"/>
      </Item10>
    </RequiredPackages>
    <Units Count="83">
      <Unit0>
        <Filename Value="vmapro.lpr"/>
        <IsPartOfProject Value="True"/>
        <UnitName Value="vmapro"/>
        <CursorPos X="1" Y="26"/>
        <TopLine Value="1"/>
        <EditorIndex Value="3"/>
        <UsageCount Value="156"/>
        <Loaded Value="True"/>
      </Unit0>
      <Unit1>
        <Filename Value="imglistunit.pas"/>
        <ComponentName Value="Imglist"/>
        <ResourceBaseClass Value="Form"/>
        <UnitName Value="imglistunit"/>
        <CursorPos X="57" Y="22"/>
        <TopLine Value="1"/>
        <UsageCount Value="11"/>
      </Unit1>
      <Unit2>
        <Filename Value="virtualmoon1.pas"/>
        <ComponentName Value="Form1"/>
        <HasResources Value="True"/>
        <IsPartOfProject Value="True"/>
        <ResourceBaseClass Value="Form"/>
        <UnitName Value="virtualmoon1"/>
        <CursorPos X="1" Y="3062"/>
        <TopLine Value="3041"/>
        <EditorIndex Value="1"/>
        <UsageCount Value="156"/>
        <Bookmarks Count="4">
          <Item0 X="13" Y="3063" ID="3"/>
          <Item1 X="7" Y="2856" ID="5"/>
          <Item2 X="5" Y="3101" ID="6"/>
          <Item3 X="7" Y="3833" ID="7"/>
        </Bookmarks>
        <Loaded Value="True"/>
      </Unit2>
      <Unit3>
        <Filename Value="..\..\..\lazarus\lcl\imglist.pp"/>
        <UnitName Value="ImgList"/>
        <CursorPos X="1" Y="1"/>
        <TopLine Value="1"/>
        <UsageCount Value="1"/>
      </Unit3>
      <Unit4>
        <Filename Value="CraterList.pas"/>
        <ComponentName Value="f_craterlist"/>
        <HasResources Value="True"/>
        <IsPartOfProject Value="True"/>
        <ResourceBaseClass Value="Form"/>
        <UnitName Value="craterlist"/>
        <CursorPos X="31" Y="54"/>
        <TopLine Value="41"/>
        <UsageCount Value="155"/>
      </Unit4>
      <Unit5>
        <Filename Value="config.pas"/>
        <ComponentName Value="Form2"/>
        <HasResources Value="True"/>
        <IsPartOfProject Value="True"/>
        <ResourceBaseClass Value="Form"/>
        <UnitName Value="config"/>
        <CursorPos X="1" Y="273"/>
        <TopLine Value="255"/>
        <EditorIndex Value="6"/>
        <UsageCount Value="156"/>
        <Loaded Value="True"/>
      </Unit5>
      <Unit6>
        <Filename Value="virtualmoon1.lrs"/>
        <CursorPos X="17" Y="3"/>
        <TopLine Value="1"/>
        <UsageCount Value="1"/>
      </Unit6>
      <Unit7>
        <Filename Value="..\..\..\lazarus\lcl\include\control.inc"/>
        <CursorPos X="67" Y="2523"/>
        <TopLine Value="2499"/>
        <UsageCount Value="1"/>
      </Unit7>
      <Unit8>
        <Filename Value="dbutil.pas"/>
        <IsPartOfProject Value="True"/>
        <UnitName Value="dbutil"/>
        <CursorPos X="1" Y="211"/>
        <TopLine Value="201"/>
        <EditorIndex Value="2"/>
        <UsageCount Value="155"/>
        <Loaded Value="True"/>
      </Unit8>
      <Unit9>
        <Filename Value="fmsg.pas"/>
        <ComponentName Value="MsgForm"/>
        <HasResources Value="True"/>
        <IsPartOfProject Value="True"/>
        <ResourceBaseClass Value="Form"/>
        <UnitName Value="fmsg"/>
        <CursorPos X="47" Y="34"/>
        <TopLine Value="9"/>
        <UsageCount Value="155"/>
      </Unit9>
      <Unit10>
        <Filename Value="glossary.pas"/>
        <ComponentName Value="Gloss"/>
        <HasResources Value="True"/>
        <IsPartOfProject Value="True"/>
        <ResourceBaseClass Value="Form"/>
        <UnitName Value="glossary"/>
        <CursorPos X="51" Y="386"/>
        <TopLine Value="352"/>
        <UsageCount Value="155"/>
      </Unit10>
      <Unit11>
        <Filename Value="helpunit.pas"/>
        <ComponentName Value="helpForm"/>
        <HasResources Value="True"/>
        <ResourceBaseClass Value="Form"/>
        <UnitName Value="helpUnit"/>
        <CursorPos X="34" Y="9"/>
        <TopLine Value="1"/>
        <UsageCount Value="44"/>
      </Unit11>
      <Unit12>
        <Filename Value="splashunit.pas"/>
        <ComponentName Value="splash"/>
        <HasResources Value="True"/>
        <IsPartOfProject Value="True"/>
        <ResourceBaseClass Value="Form"/>
        <UnitName Value="splashunit"/>
        <CursorPos X="30" Y="5"/>
        <TopLine Value="1"/>
        <UsageCount Value="155"/>
      </Unit12>
      <Unit13>
        <Filename Value="telescope.pas"/>
        <IsPartOfProject Value="True"/>
        <UnitName Value="telescope"/>
        <CursorPos X="6" Y="4"/>
        <TopLine Value="1"/>
        <UsageCount Value="155"/>
      </Unit13>
      <Unit14>
        <Filename Value="u_util.pas"/>
        <IsPartOfProject Value="True"/>
        <UnitName Value="u_util"/>
        <CursorPos X="1" Y="1738"/>
        <TopLine Value="1709"/>
        <EditorIndex Value="5"/>
        <UsageCount Value="139"/>
        <Loaded Value="True"/>
      </Unit14>
      <Unit15>
        <Filename Value="..\..\..\lazarus\components\glscene\Source\platform\glcrossplatform.pas"/>
        <UnitName Value="GLCrossPlatform"/>
        <CursorPos X="3" Y="202"/>
        <TopLine Value="190"/>
        <UsageCount Value="4"/>
        <SyntaxHighlighter Value="Delphi"/>
      </Unit15>
      <Unit16>
        <Filename Value="skylib.pas"/>
        <UnitName Value="SkyLib"/>
        <CursorPos X="22" Y="4"/>
        <TopLine Value="1"/>
        <UsageCount Value="1"/>
      </Unit16>
      <Unit17>
        <Filename Value="planet1.pas"/>
        <UnitName Value="Planet1"/>
        <CursorPos X="34" Y="5"/>
        <TopLine Value="1"/>
        <UsageCount Value="1"/>
      </Unit17>
      <Unit18>
        <Filename Value="catalogues.pas"/>
        <UnitName Value="Catalogues"/>
        <CursorPos X="1" Y="8"/>
        <TopLine Value="722"/>
        <UsageCount Value="1"/>
      </Unit18>
      <Unit19>
        <Filename Value="u_constant.pas"/>
        <IsPartOfProject Value="True"/>
        <UnitName Value="u_constant"/>
        <CursorPos X="21" Y="190"/>
        <TopLine Value="169"/>
        <UsageCount Value="139"/>
      </Unit19>
      <Unit20>
        <Filename Value="cu_planet.pas"/>
        <IsPartOfProject Value="True"/>
        <UnitName Value="cu_planet"/>
        <CursorPos X="1" Y="169"/>
        <TopLine Value="162"/>
        <UsageCount Value="139"/>
      </Unit20>
      <Unit21>
        <Filename Value="u_projection.pas"/>
        <IsPartOfProject Value="True"/>
        <UnitName Value="u_projection"/>
        <CursorPos X="10" Y="50"/>
        <TopLine Value="29"/>
        <UsageCount Value="139"/>
      </Unit21>
      <Unit22>
        <Filename Value="..\..\pch\lazarus\lcl\include\customform.inc"/>
        <CursorPos X="57" Y="1361"/>
        <TopLine Value="1340"/>
        <UsageCount Value="1"/>
      </Unit22>
      <Unit23>
        <Filename Value="..\..\pch\fpc\rtl\objpas\math.pp"/>
        <UnitName Value="math"/>
        <CursorPos X="16" Y="24"/>
        <TopLine Value="1"/>
        <UsageCount Value="3"/>
      </Unit23>
      <Unit24>
        <Filename Value="..\..\cdc\src\skychart\component\libsql\passqlite.pas"/>
        <UnitName Value="passqlite"/>
        <CursorPos X="1" Y="1"/>
        <TopLine Value="1"/>
        <UsageCount Value="2"/>
      </Unit24>
      <Unit25>
        <Filename Value="..\..\pch\lazarus\lcl\lclproc.pas"/>
        <UnitName Value="LCLProc"/>
        <CursorPos X="51" Y="1504"/>
        <TopLine Value="1477"/>
        <UsageCount Value="3"/>
      </Unit25>
      <Unit26>
        <Filename Value="..\..\pch\fpc\rtl\objpas\classes\classesh.inc"/>
        <CursorPos X="15" Y="558"/>
        <TopLine Value="537"/>
        <UsageCount Value="2"/>
      </Unit26>
      <Unit27>
        <Filename Value="..\..\..\lazarus\components\glscene\Source\base\asynctimer.pas"/>
        <UnitName Value="AsyncTimer"/>
        <CursorPos X="1" Y="210"/>
        <TopLine Value="189"/>
        <UsageCount Value="2"/>
        <SyntaxHighlighter Value="Delphi"/>
      </Unit27>
      <Unit28>
        <Filename Value="..\..\..\lazarus\fpc\2.2.5\source\rtl\win\wininc\ascdef.inc"/>
        <CursorPos X="10" Y="273"/>
        <TopLine Value="252"/>
        <UsageCount Value="2"/>
      </Unit28>
      <Unit29>
        <Filename Value="cu_tz.pas"/>
        <IsPartOfProject Value="True"/>
        <UnitName Value="cu_tz"/>
        <CursorPos X="1" Y="1"/>
        <TopLine Value="13"/>
        <UsageCount Value="139"/>
      </Unit29>
      <Unit30>
        <Filename Value="config.lfm"/>
        <CursorPos X="41" Y="20"/>
        <TopLine Value="10"/>
        <UsageCount Value="2"/>
        <SyntaxHighlighter Value="LFM"/>
      </Unit30>
      <Unit31>
        <Filename Value="virtualmoon1.lfm"/>
        <CursorPos X="1" Y="1957"/>
        <TopLine Value="1922"/>
        <UsageCount Value="2"/>
        <SyntaxHighlighter Value="LFM"/>
      </Unit31>
      <Unit32>
        <Filename Value="..\..\..\lazarus\lcl\extctrls.pp"/>
        <UnitName Value="ExtCtrls"/>
        <CursorPos X="15" Y="173"/>
        <TopLine Value="152"/>
        <UsageCount Value="2"/>
      </Unit32>
      <Unit33>
        <Filename Value="..\..\..\lazarus\lcl\include\customnotebook.inc"/>
        <CursorPos X="3" Y="391"/>
        <TopLine Value="384"/>
        <UsageCount Value="2"/>
      </Unit33>
      <Unit34>
        <Filename Value="..\..\..\lazarus\lcl\include\font.inc"/>
        <CursorPos X="1" Y="1041"/>
        <TopLine Value="1015"/>
        <UsageCount Value="4"/>
      </Unit34>
      <Unit35>
        <Filename Value="mlb2.pas"/>
        <UnitName Value="mlb2"/>
        <CursorPos X="15" Y="1245"/>
        <TopLine Value="1235"/>
        <UsageCount Value="5"/>
      </Unit35>
      <Unit36>
        <Filename Value="..\..\cdc\skychart\component\libsql\passql.pas"/>
        <UnitName Value="passql"/>
        <CursorPos X="25" Y="835"/>
        <TopLine Value="825"/>
        <UsageCount Value="4"/>
      </Unit36>
      <Unit37>
        <Filename Value="..\..\cdc\skychart\component\libsql\utf8util.pas"/>
        <UnitName Value="utf8util"/>
        <CursorPos X="3" Y="99"/>
        <TopLine Value="87"/>
        <UsageCount Value="4"/>
      </Unit37>
      <Unit38>
        <Filename Value="..\..\..\lazarus\lcl\forms.pp"/>
        <UnitName Value="Forms"/>
        <CursorPos X="15" Y="515"/>
        <TopLine Value="494"/>
        <UsageCount Value="3"/>
      </Unit38>
      <Unit39>
        <Filename Value="BigIma.pas"/>
        <ComponentName Value="BigImaForm"/>
        <HasResources Value="True"/>
        <ResourceBaseClass Value="Form"/>
        <UnitName Value="BigIma"/>
        <CursorPos X="1" Y="1"/>
        <TopLine Value="1"/>
        <UsageCount Value="9"/>
      </Unit39>
      <Unit40>
        <Filename Value="pu_moon.pas"/>
        <ComponentName Value="f_moon"/>
        <HasResources Value="True"/>
        <IsPartOfProject Value="True"/>
        <ResourceBaseClass Value="Form"/>
        <UnitName Value="pu_moon"/>
        <CursorPos X="1" Y="973"/>
        <TopLine Value="952"/>
        <EditorIndex Value="0"/>
        <UsageCount Value="118"/>
        <Bookmarks Count="2">
          <Item0 X="12" Y="1054" ID="1"/>
          <Item1 X="28" Y="994" ID="2"/>
        </Bookmarks>
        <Loaded Value="True"/>
      </Unit40>
      <Unit41>
        <Filename Value="pu_moon.lfm"/>
        <CursorPos X="50" Y="120"/>
        <TopLine Value="104"/>
        <UsageCount Value="10"/>
        <SyntaxHighlighter Value="LFM"/>
      </Unit41>
      <Unit42>
        <Filename Value="..\..\..\pch\lazarus\lcl\include\customform.inc"/>
        <CursorPos X="29" Y="1345"/>
        <TopLine Value="1340"/>
        <UsageCount Value="4"/>
      </Unit42>
      <Unit43>
        <Filename Value="..\..\..\pch\lazarus\lcl\controls.pp"/>
        <UnitName Value="Controls"/>
        <CursorPos X="15" Y="1257"/>
        <TopLine Value="1236"/>
        <UsageCount Value="4"/>
      </Unit43>
      <Unit44>
        <Filename Value="..\..\..\pch\lazarus\components\glscene\Source\glscene.pas"/>
        <UnitName Value="GLScene"/>
        <CursorPos X="32" Y="1554"/>
        <TopLine Value="1543"/>
        <UsageCount Value="13"/>
        <SyntaxHighlighter Value="Delphi"/>
      </Unit44>
      <Unit45>
        <Filename Value="..\..\..\pch\lazarus\lcl\lclproc.pas"/>
        <UnitName Value="LCLProc"/>
        <CursorPos X="1" Y="1498"/>
        <TopLine Value="1477"/>
        <UsageCount Value="9"/>
      </Unit45>
      <Unit46>
        <Filename Value="..\..\..\lazarus\components\glscene\Source\glbitmapfont.pas"/>
        <UnitName Value="GLBitmapFont"/>
        <CursorPos X="9" Y="124"/>
        <TopLine Value="128"/>
        <UsageCount Value="4"/>
        <SyntaxHighlighter Value="Delphi"/>
      </Unit46>
      <Unit47>
        <Filename Value="..\..\..\lazarus\components\glscene\Source\glwindowsfont.pas"/>
        <UnitName Value="GLWindowsFont"/>
        <CursorPos X="48" Y="43"/>
        <TopLine Value="39"/>
        <UsageCount Value="4"/>
        <SyntaxHighlighter Value="Delphi"/>
      </Unit47>
      <Unit48>
        <Filename Value="..\..\..\lazarus\components\glscene\Source\glmisc.pas"/>
        <UnitName Value="GLMisc"/>
        <CursorPos X="1" Y="1037"/>
        <TopLine Value="1025"/>
        <UsageCount Value="5"/>
        <SyntaxHighlighter Value="Delphi"/>
      </Unit48>
      <Unit49>
        <Filename Value="..\..\..\lazarus\components\glscene\Source\glscene.pas"/>
        <UnitName Value="GLScene"/>
        <CursorPos X="34" Y="4310"/>
        <TopLine Value="4292"/>
        <UsageCount Value="6"/>
        <SyntaxHighlighter Value="Delphi"/>
      </Unit49>
      <Unit50>
        <Filename Value="..\..\..\lazarus\components\glscene\Source\base\vectorgeometry.pas"/>
        <UnitName Value="VectorGeometry"/>
        <CursorPos X="1" Y="1928"/>
        <TopLine Value="1916"/>
        <UsageCount Value="5"/>
        <SyntaxHighlighter Value="Delphi"/>
      </Unit50>
      <Unit51>
        <Filename Value="..\..\..\lazarus\lcl\graphics.pp"/>
        <UnitName Value="Graphics"/>
        <CursorPos X="3" Y="1414"/>
        <TopLine Value="1402"/>
        <UsageCount Value="4"/>
      </Unit51>
      <Unit52>
        <Filename Value="..\..\..\lazarus\components\glscene\Source\gltexture.pas"/>
        <UnitName Value="GLTexture"/>
        <CursorPos X="1" Y="3375"/>
        <TopLine Value="3363"/>
        <UsageCount Value="4"/>
        <SyntaxHighlighter Value="Delphi"/>
      </Unit52>
      <Unit53>
        <Filename Value="..\..\..\fpc\rtl\inc\objpash.inc"/>
        <CursorPos X="8" Y="38"/>
        <TopLine Value="26"/>
        <UsageCount Value="4"/>
      </Unit53>
      <Unit54>
        <Filename Value="..\..\..\fpc\rtl\inc\objpas.inc"/>
        <CursorPos X="58" Y="377"/>
        <TopLine Value="374"/>
        <UsageCount Value="4"/>
      </Unit54>
      <Unit55>
        <Filename Value="..\..\..\lazarus\components\glscene\Source\glgraphics.pas"/>
        <UnitName Value="GLGraphics"/>
        <CursorPos X="27" Y="92"/>
        <TopLine Value="80"/>
        <UsageCount Value="4"/>
        <SyntaxHighlighter Value="Delphi"/>
      </Unit55>
      <Unit56>
        <Filename Value="..\..\..\..\lazarus\components\glscene\Source\platform\gllclviewer.pas"/>
        <UnitName Value="GLLCLViewer"/>
        <CursorPos X="14" Y="224"/>
        <TopLine Value="135"/>
        <UsageCount Value="7"/>
        <SyntaxHighlighter Value="Delphi"/>
      </Unit56>
      <Unit57>
        <Filename Value="..\..\..\..\lazarus\components\glscene\Source\glscene.pas"/>
        <UnitName Value="GLScene"/>
        <CursorPos X="4" Y="7848"/>
        <TopLine Value="7847"/>
        <UsageCount Value="9"/>
        <SyntaxHighlighter Value="Delphi"/>
      </Unit57>
      <Unit58>
        <Filename Value="..\..\..\..\lazarus\components\glscene\Source\platform\glcrossplatform.pas"/>
        <UnitName Value="GLCrossPlatform"/>
        <CursorPos X="22" Y="140"/>
        <TopLine Value="119"/>
        <UsageCount Value="9"/>
        <SyntaxHighlighter Value="Delphi"/>
      </Unit58>
      <Unit59>
        <Filename Value="..\..\..\..\lazarus\components\glscene\Source\globjects.pas"/>
        <UnitName Value="GLObjects"/>
        <CursorPos X="8" Y="728"/>
        <TopLine Value="724"/>
        <UsageCount Value="7"/>
        <SyntaxHighlighter Value="Delphi"/>
      </Unit59>
      <Unit60>
        <Filename Value="..\..\..\..\lazarus\lcl\menus.pp"/>
        <UnitName Value="Menus"/>
        <CursorPos X="3" Y="355"/>
        <TopLine Value="334"/>
        <UsageCount Value="10"/>
      </Unit60>
      <Unit61>
        <Filename Value="..\..\..\..\lazarus\components\glscene\Source\gltexture.pas"/>
        <UnitName Value="GLTexture"/>
        <CursorPos X="1" Y="1"/>
        <TopLine Value="1"/>
        <UsageCount Value="9"/>
        <SyntaxHighlighter Value="Delphi"/>
      </Unit61>
      <Unit62>
        <Filename Value="..\..\..\..\lazarus\components\glscene\Source\platform\glviewer.pas"/>
        <UnitName Value="GLViewer"/>
        <CursorPos X="39" Y="40"/>
        <TopLine Value="28"/>
        <UsageCount Value="7"/>
        <SyntaxHighlighter Value="Delphi"/>
      </Unit62>
      <Unit63>
        <Filename Value="..\..\..\..\lazarus\components\glscene\Source\platform\glwin32context.pas"/>
        <UnitName Value="GLWin32Context"/>
        <CursorPos X="74" Y="770"/>
        <TopLine Value="732"/>
        <UsageCount Value="7"/>
        <SyntaxHighlighter Value="Delphi"/>
      </Unit63>
      <Unit64>
        <Filename Value="..\..\..\..\lazarus\lcl\controls.pp"/>
        <UnitName Value="Controls"/>
        <CursorPos X="19" Y="135"/>
        <TopLine Value="114"/>
        <UsageCount Value="11"/>
      </Unit64>
      <Unit65>
        <Filename Value="..\..\..\..\lazarus\lcl\graphics.pp"/>
        <UnitName Value="Graphics"/>
        <CursorPos X="15" Y="1275"/>
        <TopLine Value="1254"/>
        <UsageCount Value="9"/>
      </Unit65>
      <Unit66>
        <Filename Value="..\..\..\..\lazarus\components\glscene\Source\base\vectorgeometry.pas"/>
        <UnitName Value="VectorGeometry"/>
        <CursorPos X="11" Y="1299"/>
        <TopLine Value="1278"/>
        <UsageCount Value="9"/>
        <SyntaxHighlighter Value="Delphi"/>
      </Unit66>
      <Unit67>
        <Filename Value="..\..\..\..\lazarus\fpc\2.2.5\source\packages\fcl-image\src\fpwritejpeg.pas"/>
        <UnitName Value="FPWriteJPEG"/>
        <CursorPos X="55" Y="38"/>
        <TopLine Value="15"/>
        <UsageCount Value="9"/>
      </Unit67>
      <Unit68>
        <Filename Value="..\..\..\..\lazarus\fpc\2.2.5\source\packages\fcl-image\src\fpreadjpeg.pas"/>
        <UnitName Value="FPReadJPEG"/>
        <CursorPos X="70" Y="49"/>
        <TopLine Value="23"/>
        <UsageCount Value="9"/>
      </Unit68>
      <Unit69>
        <Filename Value="..\..\..\..\lazarus\components\glscene\Source\glgraphics.pas"/>
        <UnitName Value="GLGraphics"/>
        <CursorPos X="39" Y="888"/>
        <TopLine Value="878"/>
        <UsageCount Value="9"/>
        <SyntaxHighlighter Value="Delphi"/>
      </Unit69>
      <Unit70>
        <Filename Value="..\..\..\..\lazarus\lcl\include\rasterimage.inc"/>
        <CursorPos X="3" Y="571"/>
        <TopLine Value="567"/>
        <UsageCount Value="9"/>
      </Unit70>
      <Unit71>
        <Filename Value="..\..\..\..\lazarus\lcl\graphtype.pp"/>
        <UnitName Value="GraphType"/>
        <CursorPos X="15" Y="157"/>
        <TopLine Value="136"/>
        <UsageCount Value="9"/>
      </Unit71>
      <Unit72>
        <Filename Value="..\..\..\cdc\src\skychart\component\uniqueinstance\uniqueinstance.pas"/>
        <UnitName Value="UniqueInstance"/>
        <CursorPos X="42" Y="181"/>
        <TopLine Value="172"/>
        <UsageCount Value="9"/>
      </Unit72>
      <Unit73>
        <Filename Value="..\..\..\..\lazarus\fpc\2.2.5\source\rtl\objpas\classes\classesh.inc"/>
        <CursorPos X="11" Y="32"/>
        <TopLine Value="11"/>
        <UsageCount Value="9"/>
      </Unit73>
      <Unit74>
        <Filename Value="..\..\..\..\lazarus\components\glscene\Source\designtime\info.pas"/>
        <ComponentName Value="InfoForm"/>
        <HasResources Value="True"/>
        <ResourceBaseClass Value="Form"/>
        <UnitName Value="Info"/>
        <CursorPos X="1" Y="1"/>
        <TopLine Value="1"/>
        <UsageCount Value="9"/>
        <SyntaxHighlighter Value="Delphi"/>
      </Unit74>
      <Unit75>
        <Filename Value="..\..\..\..\lazarus\components\glscene\Source\glcontext.pas"/>
        <UnitName Value="GLContext"/>
        <CursorPos X="30" Y="61"/>
        <TopLine Value="40"/>
        <UsageCount Value="9"/>
        <SyntaxHighlighter Value="Delphi"/>
      </Unit75>
      <Unit76>
        <Filename Value="..\..\..\..\lazarus\lcl\include\control.inc"/>
        <CursorPos X="1" Y="811"/>
        <TopLine Value="790"/>
        <UsageCount Value="9"/>
      </Unit76>
      <Unit77>
        <Filename Value="..\..\..\pch\lazarus\components\glscene\Source\platform\gllclviewer.pas"/>
        <UnitName Value="GLLCLViewer"/>
        <CursorPos X="13" Y="224"/>
        <TopLine Value="202"/>
        <UsageCount Value="9"/>
        <SyntaxHighlighter Value="Delphi"/>
      </Unit77>
      <Unit78>
        <Filename Value="..\..\..\pch\lazarus\components\glscene\Source\platform\glviewer.pas"/>
        <UnitName Value="GLViewer"/>
        <CursorPos X="38" Y="35"/>
        <TopLine Value="1"/>
        <UsageCount Value="9"/>
        <SyntaxHighlighter Value="Delphi"/>
      </Unit78>
      <Unit79>
        <Filename Value="..\..\..\pch\lazarus\components\glscene\Source\platform\gllingtkcontext.pas"/>
        <UnitName Value="GLLinGTKContext"/>
        <CursorPos X="1" Y="1"/>
        <TopLine Value="1"/>
        <UsageCount Value="9"/>
        <SyntaxHighlighter Value="Delphi"/>
      </Unit79>
      <Unit80>
        <Filename Value="..\..\..\pch\lazarus\components\glscene\Source\globjects.pas"/>
        <UnitName Value="GLObjects"/>
        <CursorPos X="19" Y="800"/>
        <TopLine Value="779"/>
        <UsageCount Value="11"/>
        <SyntaxHighlighter Value="Delphi"/>
      </Unit80>
      <Unit81>
        <Filename Value="..\..\..\pch\lazarus\components\glscene\Source\base\pictureregisteredformats.pas"/>
        <UnitName Value="PictureRegisteredFormats"/>
        <CursorPos X="1" Y="130"/>
        <TopLine Value="99"/>
        <UsageCount Value="10"/>
        <SyntaxHighlighter Value="Delphi"/>
      </Unit81>
      <Unit82>
        <Filename Value="..\..\..\cdc\src\skychart\component\libsql\passqlite.pas"/>
        <UnitName Value="passqlite"/>
        <CursorPos X="1" Y="526"/>
        <TopLine Value="505"/>
        <EditorIndex Value="4"/>
        <UsageCount Value="11"/>
        <Loaded Value="True"/>
      </Unit82>
    </Units>
    <JumpHistory Count="30" HistoryIndex="29">
      <Position1>
        <Filename Value="dbutil.pas"/>
        <Caret Line="213" Column="1" TopLine="192"/>
      </Position1>
      <Position2>
        <Filename Value="dbutil.pas"/>
        <Caret Line="214" Column="1" TopLine="193"/>
      </Position2>
      <Position3>
        <Filename Value="dbutil.pas"/>
        <Caret Line="215" Column="1" TopLine="194"/>
      </Position3>
      <Position4>
        <Filename Value="dbutil.pas"/>
        <Caret Line="216" Column="1" TopLine="195"/>
      </Position4>
      <Position5>
        <Filename Value="dbutil.pas"/>
        <Caret Line="217" Column="1" TopLine="196"/>
      </Position5>
      <Position6>
        <Filename Value="dbutil.pas"/>
        <Caret Line="218" Column="1" TopLine="197"/>
      </Position6>
      <Position7>
        <Filename Value="dbutil.pas"/>
        <Caret Line="213" Column="1" TopLine="192"/>
      </Position7>
      <Position8>
        <Filename Value="dbutil.pas"/>
        <Caret Line="214" Column="1" TopLine="193"/>
      </Position8>
      <Position9>
        <Filename Value="dbutil.pas"/>
        <Caret Line="215" Column="1" TopLine="194"/>
      </Position9>
      <Position10>
        <Filename Value="dbutil.pas"/>
        <Caret Line="216" Column="1" TopLine="195"/>
      </Position10>
      <Position11>
        <Filename Value="dbutil.pas"/>
        <Caret Line="217" Column="1" TopLine="196"/>
      </Position11>
      <Position12>
        <Filename Value="dbutil.pas"/>
        <Caret Line="218" Column="1" TopLine="197"/>
      </Position12>
      <Position13>
        <Filename Value="dbutil.pas"/>
        <Caret Line="213" Column="1" TopLine="192"/>
      </Position13>
      <Position14>
        <Filename Value="dbutil.pas"/>
        <Caret Line="214" Column="1" TopLine="193"/>
      </Position14>
      <Position15>
        <Filename Value="dbutil.pas"/>
        <Caret Line="215" Column="1" TopLine="194"/>
      </Position15>
      <Position16>
        <Filename Value="dbutil.pas"/>
        <Caret Line="216" Column="1" TopLine="195"/>
      </Position16>
      <Position17>
        <Filename Value="dbutil.pas"/>
        <Caret Line="217" Column="1" TopLine="196"/>
      </Position17>
      <Position18>
        <Filename Value="dbutil.pas"/>
        <Caret Line="218" Column="1" TopLine="197"/>
      </Position18>
      <Position19>
        <Filename Value="dbutil.pas"/>
        <Caret Line="213" Column="1" TopLine="192"/>
      </Position19>
      <Position20>
        <Filename Value="dbutil.pas"/>
        <Caret Line="214" Column="1" TopLine="193"/>
      </Position20>
      <Position21>
        <Filename Value="dbutil.pas"/>
        <Caret Line="215" Column="1" TopLine="194"/>
      </Position21>
      <Position22>
        <Filename Value="dbutil.pas"/>
        <Caret Line="216" Column="1" TopLine="195"/>
      </Position22>
      <Position23>
        <Filename Value="dbutil.pas"/>
        <Caret Line="217" Column="1" TopLine="196"/>
      </Position23>
      <Position24>
        <Filename Value="dbutil.pas"/>
        <Caret Line="218" Column="1" TopLine="197"/>
      </Position24>
      <Position25>
        <Filename Value="dbutil.pas"/>
        <Caret Line="213" Column="1" TopLine="192"/>
      </Position25>
      <Position26>
        <Filename Value="dbutil.pas"/>
        <Caret Line="214" Column="1" TopLine="193"/>
      </Position26>
      <Position27>
        <Filename Value="dbutil.pas"/>
        <Caret Line="215" Column="1" TopLine="194"/>
      </Position27>
      <Position28>
        <Filename Value="dbutil.pas"/>
        <Caret Line="216" Column="1" TopLine="195"/>
      </Position28>
      <Position29>
        <Filename Value="dbutil.pas"/>
        <Caret Line="217" Column="1" TopLine="196"/>
      </Position29>
      <Position30>
        <Filename Value="dbutil.pas"/>
        <Caret Line="218" Column="1" TopLine="197"/>
      </Position30>
    </JumpHistory>
  </ProjectOptions>
  <CompilerOptions>
    <Version Value="8"/>
    <PathDelim Value="\"/>
    <SearchPaths>
      <IncludeFiles Value="$(ProjOutDir)\"/>
      <UnitOutputDirectory Value="units\$(TargetCPU)-$(TargetOS)-$(LCLWidgetType)"/>
    </SearchPaths>
    <Linking>
      <Options>
        <Win32>
          <GraphicApplication Value="True"/>
        </Win32>
      </Options>
    </Linking>
    <Other>
      <CompilerPath Value="$(CompPath)"/>
    </Other>
  </CompilerOptions>
  <Debugging>
    <Exceptions Count="3">
      <Item1>
        <Name Value="EAbort"/>
      </Item1>
      <Item2>
        <Name Value="ECodetoolError"/>
      </Item2>
      <Item3>
        <Name Value="EFOpenError"/>
      </Item3>
    </Exceptions>
  </Debugging>
</CONFIG>
