<?xml version="1.0"?>
<CONFIG>
  <ProjectOptions>
    <PathDelim Value="\"/>
    <Version Value="7"/>
    <General>
      <MainUnit Value="0"/>
      <TargetFileExt Value=".exe"/>
      <Title Value="vmapro"/>
      <Icon Value="0"/>
      <ActiveEditorIndexAtStart Value="0"/>
    </General>
    <VersionInfo>
      <ProjectVersion Value=""/>
    </VersionInfo>
    <PublishOptions>
      <Version Value="2"/>
      <IgnoreBinaries Value="False"/>
      <IncludeFileFilter Value="*.(pas|pp|inc|lfm|lpr|lrs|lpi|lpk|sh|xml)"/>
      <ExcludeFileFilter Value="*.(bak|ppu|ppw|o|so);*~;backup"/>
    </PublishOptions>
    <RunParams>
      <local>
        <FormatVersion Value="1"/>
        <LaunchingApplication PathPlusParams="\usr\X11R6\bin\xterm -T 'Lazarus Run Output' -e $(LazarusDir)\tools\runwait.sh $(TargetCmdLine)"/>
        <WorkingDirectory Value="\home\pch\vma\bin"/>
      </local>
    </RunParams>
    <RequiredPackages Count="10">
      <Item1>
        <PackageName Value="FCL"/>
        <MinVersion Major="1" Valid="True"/>
      </Item1>
      <Item2>
        <PackageName Value="uniqueinstance_package"/>
        <MinVersion Minor="2" Release="1" Valid="True"/>
      </Item2>
      <Item3>
        <PackageName Value="TurboPowerIPro"/>
        <MinVersion Major="1" Valid="True"/>
      </Item3>
      <Item4>
        <PackageName Value="elp82"/>
      </Item4>
      <Item5>
        <PackageName Value="ImagesForLazarus"/>
      </Item5>
      <Item6>
        <PackageName Value="Printer4Lazarus"/>
        <MinVersion Minor="5" Valid="True"/>
      </Item6>
      <Item7>
        <PackageName Value="glscenelazarus"/>
        <MinVersion Major="1" Build="3" Valid="True"/>
      </Item7>
      <Item8>
        <PackageName Value="enhedit"/>
        <MinVersion Valid="True"/>
      </Item8>
      <Item9>
        <PackageName Value="libsql"/>
        <MinVersion Valid="True"/>
      </Item9>
      <Item10>
        <PackageName Value="LCL"/>
      </Item10>
    </RequiredPackages>
    <Units Count="143">
      <Unit0>
        <Filename Value="vmapro.lpr"/>
        <IsPartOfProject Value="True"/>
        <UnitName Value="vmapro"/>
        <CursorPos X="36" Y="24"/>
        <TopLine Value="6"/>
        <UsageCount Value="200"/>
      </Unit0>
      <Unit1>
        <Filename Value="imglistunit.pas"/>
        <ComponentName Value="Imglist"/>
        <ResourceBaseClass Value="Form"/>
        <UnitName Value="imglistunit"/>
        <CursorPos X="57" Y="22"/>
        <TopLine Value="1"/>
        <UsageCount Value="10"/>
      </Unit1>
      <Unit2>
        <Filename Value="virtualmoon1.pas"/>
        <IsPartOfProject Value="True"/>
        <ComponentName Value="Form1"/>
        <HasResources Value="True"/>
        <ResourceBaseClass Value="Form"/>
        <UnitName Value="virtualmoon1"/>
        <CursorPos X="18" Y="261"/>
        <TopLine Value="244"/>
        <EditorIndex Value="0"/>
        <UsageCount Value="200"/>
        <Bookmarks Count="4">
          <Item0 X="2" Y="3448" ID="1"/>
          <Item1 X="1" Y="4486" ID="2"/>
          <Item2 X="5" Y="3138" ID="6"/>
          <Item3 X="3" Y="3951" ID="7"/>
        </Bookmarks>
        <Loaded Value="True"/>
      </Unit2>
      <Unit3>
        <Filename Value="CraterList.pas"/>
        <IsPartOfProject Value="True"/>
        <ComponentName Value="f_craterlist"/>
        <HasResources Value="True"/>
        <ResourceBaseClass Value="Form"/>
        <UnitName Value="craterlist"/>
        <CursorPos X="9" Y="61"/>
        <TopLine Value="44"/>
        <UsageCount Value="200"/>
      </Unit3>
      <Unit4>
        <Filename Value="config.pas"/>
        <IsPartOfProject Value="True"/>
        <ComponentName Value="Form2"/>
        <HasResources Value="True"/>
        <ResourceBaseClass Value="Form"/>
        <UnitName Value="config"/>
        <CursorPos X="1" Y="187"/>
        <TopLine Value="170"/>
        <EditorIndex Value="3"/>
        <UsageCount Value="200"/>
        <Bookmarks Count="1">
          <Item0 X="3" Y="504" ID="9"/>
        </Bookmarks>
        <Loaded Value="True"/>
      </Unit4>
      <Unit5>
        <Filename Value="..\..\..\lazarus\lcl\include\control.inc"/>
        <CursorPos X="73" Y="1590"/>
        <TopLine Value="1576"/>
        <UsageCount Value="10"/>
      </Unit5>
      <Unit6>
        <Filename Value="dbutil.pas"/>
        <IsPartOfProject Value="True"/>
        <UnitName Value="dbutil"/>
        <CursorPos X="5" Y="37"/>
        <TopLine Value="20"/>
        <EditorIndex Value="1"/>
        <UsageCount Value="200"/>
        <Loaded Value="True"/>
      </Unit6>
      <Unit7>
        <Filename Value="fmsg.pas"/>
        <IsPartOfProject Value="True"/>
        <ComponentName Value="MsgForm"/>
        <HasResources Value="True"/>
        <ResourceBaseClass Value="Form"/>
        <UnitName Value="fmsg"/>
        <CursorPos X="3" Y="42"/>
        <TopLine Value="17"/>
        <UsageCount Value="200"/>
      </Unit7>
      <Unit8>
        <Filename Value="glossary.pas"/>
        <IsPartOfProject Value="True"/>
        <ComponentName Value="Gloss"/>
        <HasResources Value="True"/>
        <ResourceBaseClass Value="Form"/>
        <UnitName Value="glossary"/>
        <CursorPos X="1" Y="110"/>
        <TopLine Value="93"/>
        <UsageCount Value="200"/>
      </Unit8>
      <Unit9>
        <Filename Value="helpunit.pas"/>
        <ComponentName Value="helpForm"/>
        <HasResources Value="True"/>
        <ResourceBaseClass Value="Form"/>
        <UnitName Value="helpUnit"/>
        <CursorPos X="34" Y="9"/>
        <TopLine Value="1"/>
        <UsageCount Value="33"/>
      </Unit9>
      <Unit10>
        <Filename Value="splashunit.pas"/>
        <IsPartOfProject Value="True"/>
        <ComponentName Value="splash"/>
        <HasResources Value="True"/>
        <ResourceBaseClass Value="Form"/>
        <UnitName Value="splashunit"/>
        <CursorPos X="5" Y="157"/>
        <TopLine Value="141"/>
        <UsageCount Value="200"/>
      </Unit10>
      <Unit11>
        <Filename Value="telescope.pas"/>
        <IsPartOfProject Value="True"/>
        <UnitName Value="telescope"/>
        <CursorPos X="1" Y="20"/>
        <TopLine Value="4"/>
        <UsageCount Value="200"/>
      </Unit11>
      <Unit12>
        <Filename Value="u_util.pas"/>
        <IsPartOfProject Value="True"/>
        <UnitName Value="u_util"/>
        <CursorPos X="19" Y="33"/>
        <TopLine Value="17"/>
        <UsageCount Value="200"/>
      </Unit12>
      <Unit13>
        <Filename Value="..\..\..\lazarus\components\glscene\Source\platform\glcrossplatform.pas"/>
        <UnitName Value="GLCrossPlatform"/>
        <CursorPos X="77" Y="82"/>
        <TopLine Value="58"/>
        <UsageCount Value="9"/>
        <SyntaxHighlighter Value="Delphi"/>
      </Unit13>
      <Unit14>
        <Filename Value="u_constant.pas"/>
        <IsPartOfProject Value="True"/>
        <UnitName Value="u_constant"/>
        <CursorPos X="62" Y="180"/>
        <TopLine Value="163"/>
        <EditorIndex Value="2"/>
        <UsageCount Value="200"/>
        <Loaded Value="True"/>
      </Unit14>
      <Unit15>
        <Filename Value="cu_planet.pas"/>
        <IsPartOfProject Value="True"/>
        <UnitName Value="cu_planet"/>
        <CursorPos X="1" Y="64"/>
        <TopLine Value="49"/>
        <UsageCount Value="200"/>
      </Unit15>
      <Unit16>
        <Filename Value="u_projection.pas"/>
        <IsPartOfProject Value="True"/>
        <UnitName Value="u_projection"/>
        <CursorPos X="54" Y="260"/>
        <TopLine Value="228"/>
        <UsageCount Value="200"/>
      </Unit16>
      <Unit17>
        <Filename Value="..\..\pch\fpc\rtl\objpas\math.pp"/>
        <UnitName Value="math"/>
        <CursorPos X="16" Y="24"/>
        <TopLine Value="1"/>
        <UsageCount Value="2"/>
      </Unit17>
      <Unit18>
        <Filename Value="..\..\pch\lazarus\lcl\lclproc.pas"/>
        <UnitName Value="LCLProc"/>
        <CursorPos X="51" Y="1504"/>
        <TopLine Value="1477"/>
        <UsageCount Value="2"/>
      </Unit18>
      <Unit19>
        <Filename Value="cu_tz.pas"/>
        <IsPartOfProject Value="True"/>
        <UnitName Value="cu_tz"/>
        <CursorPos X="20" Y="398"/>
        <TopLine Value="382"/>
        <UsageCount Value="200"/>
      </Unit19>
      <Unit20>
        <Filename Value="virtualmoon1.lfm"/>
        <CursorPos X="40" Y="1419"/>
        <TopLine Value="1403"/>
        <UsageCount Value="1"/>
        <SyntaxHighlighter Value="LFM"/>
      </Unit20>
      <Unit21>
        <Filename Value="..\..\..\lazarus\lcl\include\font.inc"/>
        <CursorPos X="1" Y="1041"/>
        <TopLine Value="1015"/>
        <UsageCount Value="3"/>
      </Unit21>
      <Unit22>
        <Filename Value="mlb2.pas"/>
        <UnitName Value="mlb2"/>
        <CursorPos X="1" Y="2726"/>
        <TopLine Value="2710"/>
        <UsageCount Value="10"/>
      </Unit22>
      <Unit23>
        <Filename Value="..\..\cdc\skychart\component\libsql\passql.pas"/>
        <UnitName Value="passql"/>
        <CursorPos X="25" Y="835"/>
        <TopLine Value="825"/>
        <UsageCount Value="3"/>
      </Unit23>
      <Unit24>
        <Filename Value="..\..\cdc\skychart\component\libsql\utf8util.pas"/>
        <UnitName Value="utf8util"/>
        <CursorPos X="3" Y="99"/>
        <TopLine Value="87"/>
        <UsageCount Value="3"/>
      </Unit24>
      <Unit25>
        <Filename Value="..\..\..\lazarus\lcl\forms.pp"/>
        <UnitName Value="Forms"/>
        <CursorPos X="15" Y="515"/>
        <TopLine Value="494"/>
        <UsageCount Value="2"/>
      </Unit25>
      <Unit26>
        <Filename Value="BigIma.pas"/>
        <ComponentName Value="BigImaForm"/>
        <HasResources Value="True"/>
        <ResourceBaseClass Value="Form"/>
        <UnitName Value="BigIma"/>
        <CursorPos X="1" Y="1"/>
        <TopLine Value="1"/>
        <UsageCount Value="8"/>
      </Unit26>
      <Unit27>
        <Filename Value="pu_moon.pas"/>
        <IsPartOfProject Value="True"/>
        <ComponentName Value="f_moon"/>
        <HasResources Value="True"/>
        <ResourceBaseClass Value="Form"/>
        <UnitName Value="pu_moon"/>
        <CursorPos X="81" Y="33"/>
        <TopLine Value="26"/>
        <EditorIndex Value="5"/>
        <UsageCount Value="200"/>
        <Bookmarks Count="3">
          <Item0 X="29" Y="1004" ID="3"/>
          <Item1 X="45" Y="1400" ID="4"/>
          <Item2 X="3" Y="959" ID="5"/>
        </Bookmarks>
        <Loaded Value="True"/>
      </Unit27>
      <Unit28>
        <Filename Value="pu_moon.lfm"/>
        <CursorPos X="31" Y="195"/>
        <TopLine Value="249"/>
        <UsageCount Value="9"/>
        <SyntaxHighlighter Value="LFM"/>
      </Unit28>
      <Unit29>
        <Filename Value="..\..\..\pch\lazarus\lcl\include\customform.inc"/>
        <CursorPos X="1" Y="1465"/>
        <TopLine Value="1448"/>
        <UsageCount Value="2"/>
      </Unit29>
      <Unit30>
        <Filename Value="..\..\..\pch\lazarus\lcl\controls.pp"/>
        <UnitName Value="Controls"/>
        <CursorPos X="14" Y="1210"/>
        <TopLine Value="1174"/>
        <UsageCount Value="5"/>
      </Unit30>
      <Unit31>
        <Filename Value="..\..\..\pch\lazarus\components\glscene\Source\glscene.pas"/>
        <UnitName Value="GLScene"/>
        <CursorPos X="1" Y="4812"/>
        <TopLine Value="4795"/>
        <UsageCount Value="12"/>
      </Unit31>
      <Unit32>
        <Filename Value="..\..\..\pch\lazarus\lcl\lclproc.pas"/>
        <UnitName Value="LCLProc"/>
        <CursorPos X="1" Y="1498"/>
        <TopLine Value="1477"/>
        <UsageCount Value="8"/>
      </Unit32>
      <Unit33>
        <Filename Value="..\..\..\lazarus\components\glscene\Source\glbitmapfont.pas"/>
        <UnitName Value="GLBitmapFont"/>
        <CursorPos X="9" Y="124"/>
        <TopLine Value="128"/>
        <UsageCount Value="3"/>
        <SyntaxHighlighter Value="Delphi"/>
      </Unit33>
      <Unit34>
        <Filename Value="..\..\..\lazarus\components\glscene\Source\glwindowsfont.pas"/>
        <UnitName Value="GLWindowsFont"/>
        <CursorPos X="48" Y="43"/>
        <TopLine Value="39"/>
        <UsageCount Value="3"/>
        <SyntaxHighlighter Value="Delphi"/>
      </Unit34>
      <Unit35>
        <Filename Value="..\..\..\lazarus\components\glscene\Source\glmisc.pas"/>
        <UnitName Value="GLMisc"/>
        <CursorPos X="24" Y="882"/>
        <TopLine Value="877"/>
        <UsageCount Value="10"/>
        <SyntaxHighlighter Value="Delphi"/>
      </Unit35>
      <Unit36>
        <Filename Value="..\..\..\lazarus\components\glscene\Source\glscene.pas"/>
        <UnitName Value="GLScene"/>
        <CursorPos X="1" Y="7588"/>
        <TopLine Value="7572"/>
        <UsageCount Value="9"/>
        <SyntaxHighlighter Value="Delphi"/>
      </Unit36>
      <Unit37>
        <Filename Value="..\..\..\lazarus\components\glscene\Source\base\vectorgeometry.pas"/>
        <UnitName Value="VectorGeometry"/>
        <CursorPos X="1" Y="1883"/>
        <TopLine Value="1879"/>
        <UsageCount Value="10"/>
        <SyntaxHighlighter Value="Delphi"/>
      </Unit37>
      <Unit38>
        <Filename Value="..\..\..\lazarus\lcl\graphics.pp"/>
        <UnitName Value="Graphics"/>
        <CursorPos X="3" Y="1414"/>
        <TopLine Value="1402"/>
        <UsageCount Value="3"/>
      </Unit38>
      <Unit39>
        <Filename Value="..\..\..\lazarus\components\glscene\Source\gltexture.pas"/>
        <UnitName Value="GLTexture"/>
        <CursorPos X="1" Y="3375"/>
        <TopLine Value="3363"/>
        <UsageCount Value="3"/>
        <SyntaxHighlighter Value="Delphi"/>
      </Unit39>
      <Unit40>
        <Filename Value="..\..\..\fpc\rtl\inc\objpash.inc"/>
        <CursorPos X="8" Y="38"/>
        <TopLine Value="26"/>
        <UsageCount Value="3"/>
      </Unit40>
      <Unit41>
        <Filename Value="..\..\..\fpc\rtl\inc\objpas.inc"/>
        <CursorPos X="58" Y="377"/>
        <TopLine Value="374"/>
        <UsageCount Value="3"/>
      </Unit41>
      <Unit42>
        <Filename Value="..\..\..\lazarus\components\glscene\Source\glgraphics.pas"/>
        <UnitName Value="GLGraphics"/>
        <CursorPos X="27" Y="92"/>
        <TopLine Value="80"/>
        <UsageCount Value="3"/>
        <SyntaxHighlighter Value="Delphi"/>
      </Unit42>
      <Unit43>
        <Filename Value="..\..\..\lazarus\components\glscene\Source\platform\gllclviewer.pas"/>
        <UnitName Value="GLLCLViewer"/>
        <CursorPos X="14" Y="224"/>
        <TopLine Value="135"/>
        <UsageCount Value="6"/>
        <SyntaxHighlighter Value="Delphi"/>
      </Unit43>
      <Unit44>
        <Filename Value="..\..\..\lazarus\components\glscene\Source\globjects.pas"/>
        <UnitName Value="GLObjects"/>
        <CursorPos X="1" Y="1596"/>
        <TopLine Value="1580"/>
        <UsageCount Value="9"/>
        <SyntaxHighlighter Value="Delphi"/>
      </Unit44>
      <Unit45>
        <Filename Value="..\..\..\lazarus\lcl\menus.pp"/>
        <UnitName Value="Menus"/>
        <CursorPos X="3" Y="355"/>
        <TopLine Value="334"/>
        <UsageCount Value="9"/>
      </Unit45>
      <Unit46>
        <Filename Value="..\..\..\lazarus\components\glscene\Source\platform\glviewer.pas"/>
        <UnitName Value="GLViewer"/>
        <CursorPos X="39" Y="40"/>
        <TopLine Value="28"/>
        <UsageCount Value="6"/>
        <SyntaxHighlighter Value="Delphi"/>
      </Unit46>
      <Unit47>
        <Filename Value="..\..\..\lazarus\components\glscene\Source\platform\glwin32context.pas"/>
        <UnitName Value="GLWin32Context"/>
        <CursorPos X="74" Y="770"/>
        <TopLine Value="732"/>
        <UsageCount Value="6"/>
        <SyntaxHighlighter Value="Delphi"/>
      </Unit47>
      <Unit48>
        <Filename Value="..\..\..\lazarus\lcl\controls.pp"/>
        <UnitName Value="Controls"/>
        <CursorPos X="22" Y="1823"/>
        <TopLine Value="1807"/>
        <UsageCount Value="9"/>
      </Unit48>
      <Unit49>
        <Filename Value="..\..\..\lazarus\fpc\2.2.5\source\packages\fcl-image\src\fpwritejpeg.pas"/>
        <UnitName Value="FPWriteJPEG"/>
        <CursorPos X="55" Y="38"/>
        <TopLine Value="15"/>
        <UsageCount Value="8"/>
      </Unit49>
      <Unit50>
        <Filename Value="..\..\..\lazarus\fpc\2.2.5\source\packages\fcl-image\src\fpreadjpeg.pas"/>
        <UnitName Value="FPReadJPEG"/>
        <CursorPos X="70" Y="49"/>
        <TopLine Value="23"/>
        <UsageCount Value="8"/>
      </Unit50>
      <Unit51>
        <Filename Value="..\..\..\lazarus\lcl\include\rasterimage.inc"/>
        <CursorPos X="3" Y="571"/>
        <TopLine Value="567"/>
        <UsageCount Value="8"/>
      </Unit51>
      <Unit52>
        <Filename Value="..\..\..\lazarus\lcl\graphtype.pp"/>
        <UnitName Value="GraphType"/>
        <CursorPos X="15" Y="157"/>
        <TopLine Value="136"/>
        <UsageCount Value="8"/>
      </Unit52>
      <Unit53>
        <Filename Value="..\..\..\cdc\src\skychart\component\uniqueinstance\uniqueinstance.pas"/>
        <UnitName Value="UniqueInstance"/>
        <CursorPos X="1" Y="246"/>
        <TopLine Value="229"/>
        <UsageCount Value="5"/>
      </Unit53>
      <Unit54>
        <Filename Value="..\..\..\lazarus\fpc\2.2.5\source\rtl\objpas\classes\classesh.inc"/>
        <CursorPos X="11" Y="32"/>
        <TopLine Value="11"/>
        <UsageCount Value="8"/>
      </Unit54>
      <Unit55>
        <Filename Value="..\..\..\lazarus\components\glscene\Source\designtime\info.pas"/>
        <ComponentName Value="InfoForm"/>
        <HasResources Value="True"/>
        <ResourceBaseClass Value="Form"/>
        <UnitName Value="Info"/>
        <CursorPos X="1" Y="1"/>
        <TopLine Value="1"/>
        <UsageCount Value="8"/>
        <SyntaxHighlighter Value="Delphi"/>
      </Unit55>
      <Unit56>
        <Filename Value="..\..\..\lazarus\components\glscene\Source\glcontext.pas"/>
        <UnitName Value="GLContext"/>
        <CursorPos X="30" Y="61"/>
        <TopLine Value="40"/>
        <UsageCount Value="8"/>
        <SyntaxHighlighter Value="Delphi"/>
      </Unit56>
      <Unit57>
        <Filename Value="..\..\..\pch\lazarus\components\glscene\Source\platform\gllclviewer.pas"/>
        <UnitName Value="GLLCLViewer"/>
        <CursorPos X="28" Y="184"/>
        <TopLine Value="172"/>
        <UsageCount Value="5"/>
      </Unit57>
      <Unit58>
        <Filename Value="..\..\..\pch\lazarus\components\glscene\Source\platform\glviewer.pas"/>
        <UnitName Value="GLViewer"/>
        <CursorPos X="39" Y="40"/>
        <TopLine Value="33"/>
        <UsageCount Value="10"/>
      </Unit58>
      <Unit59>
        <Filename Value="..\..\..\pch\lazarus\components\glscene\Source\platform\gllingtkcontext.pas"/>
        <UnitName Value="GLLinGTKContext"/>
        <CursorPos X="19" Y="219"/>
        <TopLine Value="187"/>
        <UsageCount Value="10"/>
      </Unit59>
      <Unit60>
        <Filename Value="..\..\..\pch\lazarus\components\glscene\Source\globjects.pas"/>
        <UnitName Value="GLObjects"/>
        <CursorPos X="43" Y="2034"/>
        <TopLine Value="2017"/>
        <UsageCount Value="1"/>
      </Unit60>
      <Unit61>
        <Filename Value="..\..\..\pch\lazarus\components\glscene\Source\base\pictureregisteredformats.pas"/>
        <UnitName Value="PictureRegisteredFormats"/>
        <CursorPos X="1" Y="130"/>
        <TopLine Value="99"/>
        <UsageCount Value="9"/>
      </Unit61>
      <Unit62>
        <Filename Value="..\..\..\cdc\src\skychart\component\libsql\passqlite.pas"/>
        <UnitName Value="passqlite"/>
        <CursorPos X="1" Y="526"/>
        <TopLine Value="505"/>
        <UsageCount Value="10"/>
      </Unit62>
      <Unit63>
        <Filename Value="..\..\..\pch\lazarus\lcl\extctrls.pp"/>
        <UnitName Value="ExtCtrls"/>
        <CursorPos X="30" Y="513"/>
        <TopLine Value="504"/>
        <UsageCount Value="9"/>
      </Unit63>
      <Unit64>
        <Filename Value="..\..\..\lazarus\fpc\2.2.5\source\rtl\inc\objpash.inc"/>
        <CursorPos X="21" Y="160"/>
        <TopLine Value="139"/>
        <UsageCount Value="9"/>
      </Unit64>
      <Unit65>
        <Filename Value="..\..\..\lazarus\fpc\2.2.5\source\rtl\inc\objpas.inc"/>
        <CursorPos X="12" Y="150"/>
        <TopLine Value="147"/>
        <UsageCount Value="9"/>
      </Unit65>
      <Unit66>
        <Filename Value="..\..\..\lazarus\components\glscene\Source\base\opengl1x.pas"/>
        <UnitName Value="OpenGL1x"/>
        <CursorPos X="4" Y="302"/>
        <TopLine Value="416"/>
        <UsageCount Value="9"/>
        <SyntaxHighlighter Value="Delphi"/>
      </Unit66>
      <Unit67>
        <Filename Value="..\..\..\lazarus\fpc\2.2.5\source\rtl\win\wininc\defines.inc"/>
        <CursorPos X="6" Y="4683"/>
        <TopLine Value="4662"/>
        <UsageCount Value="9"/>
      </Unit67>
      <Unit68>
        <Filename Value="..\..\..\lazarus\components\glscene\Source\glgeomobjects.pas"/>
        <UnitName Value="GLGeomObjects"/>
        <CursorPos X="1" Y="1552"/>
        <TopLine Value="1531"/>
        <UsageCount Value="10"/>
        <SyntaxHighlighter Value="Delphi"/>
      </Unit68>
      <Unit69>
        <Filename Value="..\..\..\lazarus\lcl\include\customcheckbox.inc"/>
        <CursorPos X="1" Y="65"/>
        <TopLine Value="44"/>
        <UsageCount Value="10"/>
      </Unit69>
      <Unit70>
        <Filename Value="..\..\..\lazarus\lcl\include\radiogroup.inc"/>
        <CursorPos X="1" Y="408"/>
        <TopLine Value="392"/>
        <UsageCount Value="9"/>
      </Unit70>
      <Unit71>
        <Filename Value="..\..\..\lazarus\lcl\include\buttoncontrol.inc"/>
        <CursorPos X="1" Y="64"/>
        <TopLine Value="43"/>
        <UsageCount Value="10"/>
      </Unit71>
      <Unit72>
        <Filename Value="..\..\..\pch\lazarus\components\glscene\Source\gltexture.pas"/>
        <UnitName Value="GLTexture"/>
        <CursorPos X="19" Y="1005"/>
        <TopLine Value="977"/>
        <UsageCount Value="4"/>
      </Unit72>
      <Unit73>
        <Filename Value="..\..\..\pch\lazarus\lcl\forms.pp"/>
        <UnitName Value="Forms"/>
        <CursorPos X="15" Y="548"/>
        <TopLine Value="527"/>
        <UsageCount Value="10"/>
      </Unit73>
      <Unit74>
        <Filename Value="..\..\skychart\skychart\component\uniqueinstance\uniqueinstance.pas"/>
        <UnitName Value="UniqueInstance"/>
        <CursorPos X="45" Y="64"/>
        <TopLine Value="58"/>
        <UsageCount Value="1"/>
      </Unit74>
      <Unit75>
        <Filename Value="..\..\..\fpc\packages\fcl-process\src\simpleipc.pp"/>
        <UnitName Value="simpleipc"/>
        <CursorPos X="13" Y="177"/>
        <TopLine Value="161"/>
        <UsageCount Value="10"/>
      </Unit75>
      <Unit76>
        <Filename Value="..\..\..\fpc\packages\fcl-process\src\unix\simpleipc.inc"/>
        <CursorPos X="41" Y="128"/>
        <TopLine Value="108"/>
        <UsageCount Value="10"/>
      </Unit76>
      <Unit77>
        <Filename Value="..\..\..\fpc\rtl\unix\bunxovlh.inc"/>
        <CursorPos X="11" Y="19"/>
        <TopLine Value="1"/>
        <UsageCount Value="10"/>
      </Unit77>
      <Unit78>
        <Filename Value="..\..\..\fpc\rtl\unix\bunxovl.inc"/>
        <CursorPos X="18" Y="30"/>
        <TopLine Value="28"/>
        <UsageCount Value="10"/>
      </Unit78>
      <Unit79>
        <Filename Value="..\..\..\fpc\rtl\linux\bunxsysc.inc"/>
        <CursorPos X="10" Y="317"/>
        <TopLine Value="295"/>
        <UsageCount Value="10"/>
      </Unit79>
      <Unit80>
        <Filename Value="..\..\..\fpc\rtl\objpas\classes\classesh.inc"/>
        <CursorPos X="15" Y="364"/>
        <TopLine Value="345"/>
        <UsageCount Value="10"/>
      </Unit80>
      <Unit81>
        <Filename Value="..\..\..\pch\fpc\rtl\inc\wstringh.inc"/>
        <CursorPos X="14" Y="85"/>
        <TopLine Value="58"/>
        <UsageCount Value="10"/>
      </Unit81>
      <Unit82>
        <Filename Value="..\..\..\pch\fpc\rtl\inc\wustrings.inc"/>
        <CursorPos X="20" Y="1831"/>
        <TopLine Value="1810"/>
        <UsageCount Value="10"/>
      </Unit82>
      <Unit83>
        <Filename Value="..\..\..\pch\lazarus\lcl\include\fileutil.inc"/>
        <CursorPos X="69" Y="56"/>
        <TopLine Value="1"/>
        <UsageCount Value="10"/>
      </Unit83>
      <Unit84>
        <Filename Value="..\..\..\pch\lazarus\lcl\fileutil.pas"/>
        <UnitName Value="FileUtil"/>
        <CursorPos X="7" Y="175"/>
        <TopLine Value="154"/>
        <UsageCount Value="10"/>
      </Unit84>
      <Unit85>
        <Filename Value="..\..\..\pch\fpc\rtl\unix\cwstring.pp"/>
        <UnitName Value="cwstring"/>
        <CursorPos X="94" Y="154"/>
        <TopLine Value="22"/>
        <UsageCount Value="10"/>
      </Unit85>
      <Unit86>
        <Filename Value="..\..\..\pch\fpc\rtl\objpas\sysutils\filutilh.inc"/>
        <CursorPos X="14" Y="50"/>
        <TopLine Value="34"/>
        <UsageCount Value="1"/>
      </Unit86>
      <Unit87>
        <Filename Value="..\..\..\pch\lazarus\lcl\include\picture.inc"/>
        <CursorPos X="1" Y="656"/>
        <TopLine Value="635"/>
        <UsageCount Value="10"/>
      </Unit87>
      <Unit88>
        <Filename Value="..\..\..\pch\lazarus\lcl\include\rasterimage.inc"/>
        <CursorPos X="3" Y="571"/>
        <TopLine Value="571"/>
        <UsageCount Value="4"/>
      </Unit88>
      <Unit89>
        <Filename Value="..\..\..\pch\fpc\rtl\unix\sysutils.pp"/>
        <UnitName Value="sysutils"/>
        <CursorPos X="49" Y="537"/>
        <TopLine Value="511"/>
        <UsageCount Value="1"/>
      </Unit89>
      <Unit90>
        <Filename Value="..\..\..\pch\lazarus\lcl\checklst.pas"/>
        <UnitName Value="CheckLst"/>
        <CursorPos X="14" Y="75"/>
        <TopLine Value="58"/>
        <UsageCount Value="10"/>
      </Unit90>
      <Unit91>
        <Filename Value="..\..\..\pch\lazarus\lcl\include\treeview.inc"/>
        <CursorPos X="70" Y="74"/>
        <TopLine Value="52"/>
        <UsageCount Value="10"/>
      </Unit91>
      <Unit92>
        <Filename Value="..\..\..\pch\lazarus\components\glscene\Source\platform\glwin32context.pas"/>
        <UnitName Value="GLWin32Context"/>
        <CursorPos X="1" Y="406"/>
        <TopLine Value="386"/>
        <UsageCount Value="10"/>
      </Unit92>
      <Unit93>
        <Filename Value="..\..\..\pch\lazarus\components\glscene\Source\glcontext.pas"/>
        <UnitName Value="GLContext"/>
        <CursorPos X="1" Y="893"/>
        <TopLine Value="876"/>
        <UsageCount Value="10"/>
      </Unit93>
      <Unit94>
        <Filename Value="..\..\..\pch\lazarus\components\glscene\Source\glmisc.pas"/>
        <UnitName Value="GLMisc"/>
        <CursorPos X="24" Y="950"/>
        <TopLine Value="932"/>
        <UsageCount Value="2"/>
      </Unit94>
      <Unit95>
        <Filename Value="..\..\..\pch\lazarus\lcl\include\trackbar.inc"/>
        <CursorPos X="1" Y="167"/>
        <TopLine Value="150"/>
        <UsageCount Value="7"/>
      </Unit95>
      <Unit96>
        <Filename Value="..\..\..\pch\lazarus\components\glscene\Source\base\vectorgeometry.pas"/>
        <UnitName Value="VectorGeometry"/>
        <CursorPos X="1" Y="7813"/>
        <TopLine Value="7796"/>
        <UsageCount Value="8"/>
      </Unit96>
      <Unit97>
        <Filename Value="..\..\..\pch\lazarus\components\glscene\Source\base\opengl1x.pas"/>
        <UnitName Value="OpenGL1x"/>
        <CursorPos X="15" Y="1015"/>
        <TopLine Value="994"/>
        <UsageCount Value="1"/>
      </Unit97>
      <Unit98>
        <Filename Value="config.lfm"/>
        <CursorPos X="19" Y="716"/>
        <TopLine Value="705"/>
        <UsageCount Value="1"/>
        <SyntaxHighlighter Value="LFM"/>
      </Unit98>
      <Unit99>
        <Filename Value="..\..\skychart\skychart\component\enhedits\enhedits.pas"/>
        <UnitName Value="enhedits"/>
        <CursorPos X="36" Y="113"/>
        <TopLine Value="101"/>
        <UsageCount Value="1"/>
      </Unit99>
      <Unit100>
        <Filename Value="..\..\..\lazarus\lcl\comctrls.pp"/>
        <UnitName Value="ComCtrls"/>
        <CursorPos X="15" Y="1284"/>
        <TopLine Value="1272"/>
        <UsageCount Value="1"/>
      </Unit100>
      <Unit101>
        <Filename Value="..\..\..\lazarus\lcl\include\customupdown.inc"/>
        <CursorPos X="47" Y="345"/>
        <TopLine Value="341"/>
        <UsageCount Value="1"/>
      </Unit101>
      <Unit102>
        <Filename Value="..\..\..\pch\lazarus\lcl\include\control.inc"/>
        <CursorPos X="1" Y="1283"/>
        <TopLine Value="1266"/>
        <UsageCount Value="5"/>
      </Unit102>
      <Unit103>
        <Filename Value="..\..\..\pch\lazarus\components\glscene\Source\base\vectortypes.pas"/>
        <UnitName Value="VectorTypes"/>
        <CursorPos X="3" Y="56"/>
        <TopLine Value="39"/>
        <UsageCount Value="2"/>
      </Unit103>
      <Unit104>
        <Filename Value="..\..\..\pch\lazarus\components\glscene\Source\glvectorfileobjects.pas"/>
        <UnitName Value="GLVectorFileObjects"/>
        <CursorPos X="65" Y="2010"/>
        <TopLine Value="1997"/>
        <UsageCount Value="3"/>
      </Unit104>
      <Unit105>
        <Filename Value="..\..\..\pch\lazarus\components\glscene\Source\fileformats\glfile3ds.pas"/>
        <UnitName Value="GLFile3DS"/>
        <CursorPos X="1" Y="1"/>
        <TopLine Value="1"/>
        <UsageCount Value="3"/>
      </Unit105>
      <Unit106>
        <Filename Value="..\..\..\pch\lazarus\components\glscene\Source\fileformats\lwobjects.pas"/>
        <UnitName Value="LWObjects"/>
        <CursorPos X="2" Y="1371"/>
        <TopLine Value="1329"/>
        <UsageCount Value="2"/>
      </Unit106>
      <Unit107>
        <Filename Value="virtualmoon1.lrs"/>
        <CursorPos X="1" Y="1431"/>
        <TopLine Value="1397"/>
        <UsageCount Value="2"/>
      </Unit107>
      <Unit108>
        <Filename Value="..\..\..\pch\lazarus\components\glscene\Source\fileformats\glfilesmd.pas"/>
        <UnitName Value="GLFileSMD"/>
        <CursorPos X="63" Y="5"/>
        <TopLine Value="1"/>
        <UsageCount Value="2"/>
      </Unit108>
      <Unit109>
        <Filename Value="..\..\..\pch\lazarus\components\glscene\Source\fileformats\glfilease.pas"/>
        <UnitName Value="GLFileASE"/>
        <CursorPos X="45" Y="23"/>
        <TopLine Value="1"/>
        <UsageCount Value="2"/>
      </Unit109>
      <Unit110>
        <Filename Value="..\..\..\pch\lazarus\components\glscene\Source\fileformats\glfilevrml.pas"/>
        <UnitName Value="GLFileVRML"/>
        <CursorPos X="72" Y="17"/>
        <TopLine Value="1"/>
        <UsageCount Value="2"/>
      </Unit110>
      <Unit111>
        <Filename Value="..\..\..\pch\lazarus\components\glscene\Source\fileformats\glfileply.pas"/>
        <UnitName Value="GLFilePLY"/>
        <CursorPos X="1" Y="1"/>
        <TopLine Value="1"/>
        <UsageCount Value="2"/>
      </Unit111>
      <Unit112>
        <Filename Value="..\..\..\pch\lazarus\components\glscene\Source\fileformats\glfilemd2.pas"/>
        <UnitName Value="GLFileMD2"/>
        <CursorPos X="55" Y="35"/>
        <TopLine Value="1"/>
        <UsageCount Value="2"/>
      </Unit112>
      <Unit113>
        <Filename Value="..\..\..\pch\lazarus\components\glscene\Source\fileformats\glfile3dssceneobjects.pas"/>
        <UnitName Value="GLFile3DSSceneObjects"/>
        <CursorPos X="1" Y="1"/>
        <TopLine Value="1"/>
        <UsageCount Value="2"/>
      </Unit113>
      <Unit114>
        <Filename Value="..\..\..\pch\lazarus\components\glscene\Source\glgraphics.pas"/>
        <UnitName Value="GLGraphics"/>
        <CursorPos X="2" Y="913"/>
        <TopLine Value="876"/>
        <UsageCount Value="4"/>
      </Unit114>
      <Unit115>
        <Filename Value="..\..\..\pch\lazarus\lcl\graphics.pp"/>
        <UnitName Value="Graphics"/>
        <CursorPos X="15" Y="1284"/>
        <TopLine Value="1247"/>
        <UsageCount Value="4"/>
      </Unit115>
      <Unit116>
        <Filename Value="..\..\..\pch\lazarus\lcl\graphtype.pp"/>
        <UnitName Value="GraphType"/>
        <CursorPos X="13" Y="68"/>
        <TopLine Value="51"/>
        <UsageCount Value="4"/>
      </Unit116>
      <Unit117>
        <Filename Value="..\..\..\pch\fpc\rtl\objpas\classes\classesh.inc"/>
        <CursorPos X="15" Y="547"/>
        <TopLine Value="510"/>
        <UsageCount Value="10"/>
      </Unit117>
      <Unit118>
        <Filename Value="..\..\..\pch\lazarus\lcl\include\radiogroup.inc"/>
        <CursorPos X="1" Y="408"/>
        <TopLine Value="391"/>
        <UsageCount Value="4"/>
      </Unit118>
      <Unit119>
        <Filename Value="uDE.pas"/>
        <UnitName Value="uDE"/>
        <CursorPos X="24" Y="153"/>
        <TopLine Value="124"/>
        <UsageCount Value="11"/>
      </Unit119>
      <Unit120>
        <Filename Value="..\..\..\pch\fpc\rtl\objpas\dateutil.inc"/>
        <CursorPos X="17" Y="1509"/>
        <TopLine Value="1503"/>
        <UsageCount Value="7"/>
      </Unit120>
      <Unit121>
        <Filename Value="..\..\..\pch\fpc\rtl\objpas\sysutils\datih.inc"/>
        <CursorPos X="10" Y="107"/>
        <TopLine Value="90"/>
        <UsageCount Value="7"/>
      </Unit121>
      <Unit122>
        <Filename Value="..\..\..\pch\fpc\rtl\objpas\sysutils\dati.inc"/>
        <CursorPos X="3" Y="94"/>
        <TopLine Value="89"/>
        <UsageCount Value="7"/>
      </Unit122>
      <Unit123>
        <Filename Value="u_translation.pas"/>
        <IsPartOfProject Value="True"/>
        <UnitName Value="u_translation"/>
        <CursorPos X="1" Y="71"/>
        <TopLine Value="54"/>
        <EditorIndex Value="4"/>
        <UsageCount Value="66"/>
        <Loaded Value="True"/>
      </Unit123>
      <Unit124>
        <Filename Value="..\photlun\u_translation.pas"/>
        <UnitName Value="u_translation"/>
        <CursorPos X="80" Y="82"/>
        <TopLine Value="53"/>
        <UsageCount Value="7"/>
      </Unit124>
      <Unit125>
        <Filename Value="u_translation_database.pas"/>
        <IsPartOfProject Value="True"/>
        <UnitName Value="u_translation_database"/>
        <CursorPos X="12" Y="14"/>
        <TopLine Value="1"/>
        <UsageCount Value="66"/>
      </Unit125>
      <Unit126>
        <Filename Value="..\..\skychart\skychart\component\uniqueinstance\registeruniqueinstance.pas"/>
        <UnitName Value="registeruniqueinstance"/>
        <CursorPos X="34" Y="9"/>
        <TopLine Value="1"/>
        <UsageCount Value="9"/>
      </Unit126>
      <Unit127>
        <Filename Value="..\..\..\lazarus\lcl\interfaces\win32\win32int.pp"/>
        <UnitName Value="Win32Int"/>
        <CursorPos X="8" Y="37"/>
        <TopLine Value="22"/>
        <UsageCount Value="9"/>
      </Unit127>
      <Unit128>
        <Filename Value="..\..\..\fpc\rtl\win32\windows.pp"/>
        <UnitName Value="windows"/>
        <CursorPos X="35" Y="20"/>
        <TopLine Value="1"/>
        <UsageCount Value="9"/>
      </Unit128>
      <Unit129>
        <Filename Value="..\..\..\lazarus\lcl\interfaces\win32\win32wsextdlgs.pp"/>
        <UnitName Value="Win32WSExtDlgs"/>
        <CursorPos X="64" Y="181"/>
        <TopLine Value="173"/>
        <UsageCount Value="9"/>
      </Unit129>
      <Unit130>
        <Filename Value="..\..\..\lazarus\ideintf\componenteditors.pas"/>
        <UnitName Value="ComponentEditors"/>
        <CursorPos X="1" Y="1"/>
        <TopLine Value="1"/>
        <UsageCount Value="9"/>
      </Unit130>
      <Unit131>
        <Filename Value="..\..\..\lazarus\lcl\include\customform.inc"/>
        <CursorPos X="49" Y="1503"/>
        <TopLine Value="1486"/>
        <UsageCount Value="9"/>
      </Unit131>
      <Unit132>
        <Filename Value="..\..\..\lazarus\components\printers\unix\cupsprndialogs.inc"/>
        <CursorPos X="1" Y="7"/>
        <TopLine Value="3"/>
        <UsageCount Value="9"/>
      </Unit132>
      <Unit133>
        <Filename Value="..\..\..\lazarus\components\printers\unix\udlgpropertiesprinter.pp"/>
        <ComponentName Value="dlgpropertiesprinter"/>
        <HasResources Value="True"/>
        <ResourceBaseClass Value="Form"/>
        <UnitName Value="uDlgPropertiesPrinter"/>
        <CursorPos X="30" Y="129"/>
        <TopLine Value="125"/>
        <UsageCount Value="9"/>
      </Unit133>
      <Unit134>
        <Filename Value="..\..\..\lazarus\lcl\printers.pas"/>
        <UnitName Value="Printers"/>
        <CursorPos X="1" Y="469"/>
        <TopLine Value="453"/>
        <UsageCount Value="9"/>
      </Unit134>
      <Unit135>
        <Filename Value="..\..\..\lazarus\lcl\include\canvas.inc"/>
        <CursorPos X="1" Y="66"/>
        <TopLine Value="50"/>
        <UsageCount Value="9"/>
      </Unit135>
      <Unit136>
        <Filename Value="..\..\..\lazarus\lcl\include\winapi.inc"/>
        <CursorPos X="1" Y="342"/>
        <TopLine Value="326"/>
        <UsageCount Value="9"/>
      </Unit136>
      <Unit137>
        <Filename Value="..\..\..\lazarus\lcl\interfaces\gtk\gtkwinapi.inc"/>
        <CursorPos X="1" Y="4860"/>
        <TopLine Value="4844"/>
        <UsageCount Value="9"/>
      </Unit137>
      <Unit138>
        <Filename Value="..\..\..\lazarus\lcl\interfaces\gtk\gtkproc.pp"/>
        <UnitName Value="GTKProc"/>
        <CursorPos X="11" Y="349"/>
        <TopLine Value="333"/>
        <UsageCount Value="9"/>
      </Unit138>
      <Unit139>
        <Filename Value="..\..\..\lazarus\lcl\stdctrls.pp"/>
        <UnitName Value="StdCtrls"/>
        <CursorPos X="33" Y="1023"/>
        <TopLine Value="1007"/>
        <UsageCount Value="9"/>
      </Unit139>
      <Unit140>
        <Filename Value="..\..\..\lazarus\lcl\buttons.pp"/>
        <UnitName Value="Buttons"/>
        <CursorPos X="3" Y="73"/>
        <TopLine Value="24"/>
        <UsageCount Value="9"/>
      </Unit140>
      <Unit141>
        <Filename Value="..\..\..\lazarus\lcl\include\wincontrol.inc"/>
        <CursorPos X="9" Y="6943"/>
        <TopLine Value="6927"/>
        <UsageCount Value="9"/>
      </Unit141>
      <Unit142>
        <Filename Value="..\..\..\lazarus\lcl\lclproc.pas"/>
        <UnitName Value="LCLProc"/>
        <CursorPos X="11" Y="2071"/>
        <TopLine Value="2295"/>
        <UsageCount Value="9"/>
      </Unit142>
    </Units>
    <JumpHistory Count="30" HistoryIndex="29">
      <Position1>
        <Filename Value="config.pas"/>
        <Caret Line="82" Column="63" TopLine="75"/>
      </Position1>
      <Position2>
        <Filename Value="config.pas"/>
        <Caret Line="81" Column="63" TopLine="75"/>
      </Position2>
      <Position3>
        <Filename Value="config.pas"/>
        <Caret Line="461" Column="1" TopLine="461"/>
      </Position3>
      <Position4>
        <Filename Value="config.pas"/>
        <Caret Line="259" Column="1" TopLine="242"/>
      </Position4>
      <Position5>
        <Filename Value="virtualmoon1.pas"/>
        <Caret Line="3066" Column="60" TopLine="3049"/>
      </Position5>
      <Position6>
        <Filename Value="virtualmoon1.pas"/>
        <Caret Line="3256" Column="36" TopLine="3239"/>
      </Position6>
      <Position7>
        <Filename Value="virtualmoon1.pas"/>
        <Caret Line="486" Column="25" TopLine="469"/>
      </Position7>
      <Position8>
        <Filename Value="virtualmoon1.pas"/>
        <Caret Line="894" Column="1" TopLine="877"/>
      </Position8>
      <Position9>
        <Filename Value="virtualmoon1.pas"/>
        <Caret Line="931" Column="1" TopLine="914"/>
      </Position9>
      <Position10>
        <Filename Value="virtualmoon1.pas"/>
        <Caret Line="934" Column="18" TopLine="917"/>
      </Position10>
      <Position11>
        <Filename Value="virtualmoon1.pas"/>
        <Caret Line="489" Column="1" TopLine="472"/>
      </Position11>
      <Position12>
        <Filename Value="virtualmoon1.pas"/>
        <Caret Line="932" Column="1" TopLine="915"/>
      </Position12>
      <Position13>
        <Filename Value="virtualmoon1.pas"/>
        <Caret Line="1014" Column="1" TopLine="997"/>
      </Position13>
      <Position14>
        <Filename Value="virtualmoon1.pas"/>
        <Caret Line="1127" Column="1" TopLine="1110"/>
      </Position14>
      <Position15>
        <Filename Value="virtualmoon1.pas"/>
        <Caret Line="3234" Column="1" TopLine="3217"/>
      </Position15>
      <Position16>
        <Filename Value="virtualmoon1.pas"/>
        <Caret Line="3810" Column="25" TopLine="3809"/>
      </Position16>
      <Position17>
        <Filename Value="virtualmoon1.pas"/>
        <Caret Line="4411" Column="8" TopLine="4394"/>
      </Position17>
      <Position18>
        <Filename Value="virtualmoon1.pas"/>
        <Caret Line="3810" Column="22" TopLine="3799"/>
      </Position18>
      <Position19>
        <Filename Value="virtualmoon1.pas"/>
        <Caret Line="4411" Column="12" TopLine="4394"/>
      </Position19>
      <Position20>
        <Filename Value="virtualmoon1.pas"/>
        <Caret Line="1" Column="1" TopLine="1"/>
      </Position20>
      <Position21>
        <Filename Value="virtualmoon1.pas"/>
        <Caret Line="470" Column="22" TopLine="453"/>
      </Position21>
      <Position22>
        <Filename Value="virtualmoon1.pas"/>
        <Caret Line="3810" Column="25" TopLine="3793"/>
      </Position22>
      <Position23>
        <Filename Value="virtualmoon1.pas"/>
        <Caret Line="4411" Column="12" TopLine="4394"/>
      </Position23>
      <Position24>
        <Filename Value="virtualmoon1.pas"/>
        <Caret Line="4576" Column="55" TopLine="4555"/>
      </Position24>
      <Position25>
        <Filename Value="virtualmoon1.pas"/>
        <Caret Line="1" Column="1" TopLine="1"/>
      </Position25>
      <Position26>
        <Filename Value="virtualmoon1.pas"/>
        <Caret Line="470" Column="22" TopLine="453"/>
      </Position26>
      <Position27>
        <Filename Value="virtualmoon1.pas"/>
        <Caret Line="3871" Column="46" TopLine="3804"/>
      </Position27>
      <Position28>
        <Filename Value="virtualmoon1.pas"/>
        <Caret Line="4411" Column="10" TopLine="4394"/>
      </Position28>
      <Position29>
        <Filename Value="virtualmoon1.pas"/>
        <Caret Line="3829" Column="10" TopLine="3819"/>
      </Position29>
      <Position30>
        <Filename Value="virtualmoon1.pas"/>
        <Caret Line="429" Column="71" TopLine="423"/>
      </Position30>
    </JumpHistory>
  </ProjectOptions>
  <CompilerOptions>
    <Version Value="8"/>
    <PathDelim Value="\"/>
    <SearchPaths>
      <IncludeFiles Value="$(ProjOutDir)\"/>
      <UnitOutputDirectory Value="units\$(TargetCPU)-$(TargetOS)-$(LCLWidgetType)"/>
    </SearchPaths>
    <Linking>
      <Options>
        <Win32>
          <GraphicApplication Value="True"/>
        </Win32>
      </Options>
    </Linking>
    <Other>
      <Verbosity>
        <ShowHints Value="False"/>
      </Verbosity>
      <CompilerPath Value="$(CompPath)"/>
    </Other>
  </CompilerOptions>
  <Debugging>
    <Exceptions Count="3">
      <Item1>
        <Name Value="EAbort"/>
      </Item1>
      <Item2>
        <Name Value="ECodetoolError"/>
      </Item2>
      <Item3>
        <Name Value="EFOpenError"/>
      </Item3>
    </Exceptions>
  </Debugging>
</CONFIG>
