<?xml version="1.0"?>
<CONFIG>
  <ProjectOptions>
    <Version Value="9"/>
    <PathDelim Value="\"/>
    <General>
      <Flags>
        <LRSInOutputDirectory Value="False"/>
      </Flags>
      <SessionStorage Value="InProjectDir"/>
      <MainUnit Value="0"/>
      <Title Value="atlun"/>
      <ResourceType Value="res"/>
      <Icon Value="0"/>
    </General>
    <VersionInfo>
      <StringTable ProductVersion=""/>
    </VersionInfo>
    <BuildModes Count="1">
      <Item1 Name="default" Default="True"/>
    </BuildModes>
    <PublishOptions>
      <Version Value="2"/>
      <IgnoreBinaries Value="False"/>
      <IncludeFileFilter Value="*.(pas|pp|inc|lfm|lpr|lrs|lpi|lpk|sh|xml)"/>
      <ExcludeFileFilter Value="*.(bak|ppu|ppw|o|so);*~;backup"/>
    </PublishOptions>
    <RunParams>
      <local>
        <FormatVersion Value="1"/>
        <LaunchingApplication PathPlusParams="\usr\bin\xterm -T 'Lazarus Run Output' -e $(LazarusDir)\tools\runwait.sh $(TargetCmdLine)"/>
        <WorkingDirectory Value="\usr\local\bin"/>
      </local>
    </RunParams>
    <RequiredPackages Count="8">
      <Item1>
        <PackageName Value="GLScene_RunTime"/>
        <MinVersion Major="1" Valid="True"/>
      </Item1>
      <Item2>
        <PackageName Value="FCL"/>
        <MinVersion Major="1" Valid="True"/>
      </Item2>
      <Item3>
        <PackageName Value="uniqueinstance_package"/>
        <MinVersion Minor="2" Release="1" Valid="True"/>
      </Item3>
      <Item4>
        <PackageName Value="TurboPowerIPro"/>
        <MinVersion Major="1" Valid="True"/>
      </Item4>
      <Item5>
        <PackageName Value="Printer4Lazarus"/>
        <MinVersion Minor="5" Valid="True"/>
      </Item5>
      <Item6>
        <PackageName Value="enhedit"/>
        <MinVersion Valid="True"/>
      </Item6>
      <Item7>
        <PackageName Value="libsql"/>
        <MinVersion Valid="True"/>
      </Item7>
      <Item8>
        <PackageName Value="LCL"/>
      </Item8>
    </RequiredPackages>
    <Units Count="22">
      <Unit0>
        <Filename Value="atlun.lpr"/>
        <IsPartOfProject Value="True"/>
        <UnitName Value="atlun"/>
      </Unit0>
      <Unit1>
        <Filename Value="virtualmoon1.pas"/>
        <IsPartOfProject Value="True"/>
        <ComponentName Value="Form1"/>
        <HasResources Value="True"/>
        <ResourceBaseClass Value="Form"/>
        <UnitName Value="virtualmoon1"/>
      </Unit1>
      <Unit2>
        <Filename Value="CraterList.pas"/>
        <IsPartOfProject Value="True"/>
        <ComponentName Value="f_craterlist"/>
        <HasResources Value="True"/>
        <ResourceBaseClass Value="Form"/>
        <UnitName Value="craterlist"/>
      </Unit2>
      <Unit3>
        <Filename Value="config.pas"/>
        <IsPartOfProject Value="True"/>
        <ComponentName Value="Form2"/>
        <HasResources Value="True"/>
        <ResourceBaseClass Value="Form"/>
        <UnitName Value="config"/>
      </Unit3>
      <Unit4>
        <Filename Value="BigIma.pas"/>
        <IsPartOfProject Value="True"/>
        <ComponentName Value="BigImaForm"/>
        <HasResources Value="True"/>
        <ResourceBaseClass Value="Form"/>
        <UnitName Value="BigIma"/>
      </Unit4>
      <Unit5>
        <Filename Value="cu_planet.pas"/>
        <IsPartOfProject Value="True"/>
        <UnitName Value="cu_planet"/>
      </Unit5>
      <Unit6>
        <Filename Value="cu_tz.pas"/>
        <IsPartOfProject Value="True"/>
        <UnitName Value="cu_tz"/>
      </Unit6>
      <Unit7>
        <Filename Value="dbutil.pas"/>
        <IsPartOfProject Value="True"/>
        <UnitName Value="dbutil"/>
      </Unit7>
      <Unit8>
        <Filename Value="fmsg.pas"/>
        <IsPartOfProject Value="True"/>
        <ComponentName Value="MsgForm"/>
        <HasResources Value="True"/>
        <ResourceBaseClass Value="Form"/>
        <UnitName Value="fmsg"/>
      </Unit8>
      <Unit9>
        <Filename Value="glossary.pas"/>
        <IsPartOfProject Value="True"/>
        <ComponentName Value="Gloss"/>
        <HasResources Value="True"/>
        <ResourceBaseClass Value="Form"/>
        <UnitName Value="glossary"/>
      </Unit9>
      <Unit10>
        <Filename Value="mlb2.pas"/>
        <IsPartOfProject Value="True"/>
        <UnitName Value="mlb2"/>
      </Unit10>
      <Unit11>
        <Filename Value="pu_features.pas"/>
        <IsPartOfProject Value="True"/>
        <ComponentName Value="f_features"/>
        <HasResources Value="True"/>
        <ResourceBaseClass Value="Form"/>
        <UnitName Value="pu_features"/>
      </Unit11>
      <Unit12>
        <Filename Value="pu_moon.pas"/>
        <IsPartOfProject Value="True"/>
        <ComponentName Value="f_moon"/>
        <HasResources Value="True"/>
        <ResourceBaseClass Value="Form"/>
        <UnitName Value="pu_moon"/>
      </Unit12>
      <Unit13>
        <Filename Value="splashunit.pas"/>
        <IsPartOfProject Value="True"/>
        <ComponentName Value="splash"/>
        <HasResources Value="True"/>
        <ResourceBaseClass Value="Form"/>
        <UnitName Value="splashunit"/>
      </Unit13>
      <Unit14>
        <Filename Value="telescope.pas"/>
        <IsPartOfProject Value="True"/>
        <UnitName Value="telescope"/>
      </Unit14>
      <Unit15>
        <Filename Value="u_constant.pas"/>
        <IsPartOfProject Value="True"/>
        <UnitName Value="u_constant"/>
      </Unit15>
      <Unit16>
        <Filename Value="uDE.pas"/>
        <IsPartOfProject Value="True"/>
        <UnitName Value="uDE"/>
      </Unit16>
      <Unit17>
        <Filename Value="u_projection.pas"/>
        <IsPartOfProject Value="True"/>
        <UnitName Value="u_projection"/>
      </Unit17>
      <Unit18>
        <Filename Value="u_translation.pas"/>
        <IsPartOfProject Value="True"/>
        <UnitName Value="u_translation"/>
      </Unit18>
      <Unit19>
        <Filename Value="u_translation_database.pas"/>
        <IsPartOfProject Value="True"/>
        <UnitName Value="u_translation_database"/>
      </Unit19>
      <Unit20>
        <Filename Value="u_util.pas"/>
        <IsPartOfProject Value="True"/>
        <UnitName Value="u_util"/>
      </Unit20>
      <Unit21>
        <Filename Value="pu_ephem.pas"/>
        <IsPartOfProject Value="True"/>
        <ComponentName Value="f_ephem"/>
        <ResourceBaseClass Value="Form"/>
        <UnitName Value="pu_ephem"/>
      </Unit21>
    </Units>
  </ProjectOptions>
  <CompilerOptions>
    <Version Value="9"/>
    <PathDelim Value="\"/>
    <SearchPaths>
      <IncludeFiles Value="$(ProjOutDir)"/>
      <UnitOutputDirectory Value="units\$(TargetCPU)-$(TargetOS)-$(LCLWidgetType)"/>
    </SearchPaths>
    <CodeGeneration>
      <Optimizations>
        <OptimizationLevel Value="0"/>
      </Optimizations>
    </CodeGeneration>
    <Linking>
      <Options>
        <Win32>
          <GraphicApplication Value="True"/>
        </Win32>
      </Options>
    </Linking>
    <Other>
      <Verbosity>
        <ShowHints Value="False"/>
      </Verbosity>
      <CompilerMessages>
        <UseMsgFile Value="True"/>
      </CompilerMessages>
      <CustomOptions Value="-dUseCThreads"/>
      <CompilerPath Value="$(CompPath)"/>
    </Other>
  </CompilerOptions>
</CONFIG>
