<?xml version="1.0"?>
<CONFIG>
  <ProjectOptions>
    <PathDelim Value="\"/>
    <Version Value="6"/>
    <General>
      <Flags>
        <AlwaysBuild Value="False"/>
      </Flags>
      <SessionStorage Value="InProjectDir"/>
      <MainUnit Value="0"/>
      <IconPath Value=".\"/>
      <TargetFileExt Value=".exe"/>
    </General>
    <VersionInfo>
      <ProjectVersion Value=""/>
    </VersionInfo>
    <PublishOptions>
      <Version Value="2"/>
      <IncludeFileFilter Value="*.(pas|pp|inc|lfm|lpr|lrs|lpi|lpk|sh|xml)"/>
      <ExcludeFileFilter Value="*.(bak|ppu|ppw|o|so);*~;backup"/>
    </PublishOptions>
    <RunParams>
      <local>
        <FormatVersion Value="1"/>
        <LaunchingApplication PathPlusParams="\usr\X11R6\bin\xterm -T 'Lazarus Run Output' -e $(LazarusDir)\tools\runwait.sh $(TargetCmdLine)"/>
        <WorkingDirectory Value="D:\VirtualMoon"/>
      </local>
    </RunParams>
    <RequiredPackages Count="4">
      <Item1>
        <PackageName Value="uniqueinstance_package"/>
      </Item1>
      <Item2>
        <PackageName Value="zoomimage"/>
      </Item2>
      <Item3>
        <PackageName Value="LCL"/>
      </Item3>
      <Item4>
        <PackageName Value="JPEGForLazarus"/>
      </Item4>
    </RequiredPackages>
    <Units Count="5">
      <Unit0>
        <Filename Value="photlun.lpr"/>
        <IsPartOfProject Value="True"/>
        <UnitName Value="photlun"/>
      </Unit0>
      <Unit1>
        <Filename Value="pu_photlun.pas"/>
        <ComponentName Value="f_photlun"/>
        <IsPartOfProject Value="True"/>
        <ResourceFilename Value="pu_photlun.lrs"/>
        <UnitName Value="pu_photlun"/>
      </Unit1>
      <Unit2>
        <Filename Value="pu_photo.pas"/>
        <ComponentName Value="f_photo"/>
        <HasResources Value="True"/>
        <IsPartOfProject Value="True"/>
        <ResourceFilename Value="pu_photo.lrs"/>
        <UnitName Value="pu_photo"/>
      </Unit2>
      <Unit3>
        <Filename Value="u_translation.pas"/>
        <IsPartOfProject Value="True"/>
        <UnitName Value="u_translation"/>
      </Unit3>
      <Unit4>
        <Filename Value="pu_config.pas"/>
        <ComponentName Value="f_config"/>
        <IsPartOfProject Value="True"/>
        <ResourceFilename Value="pu_config.lrs"/>
        <UnitName Value="pu_config"/>
      </Unit4>
    </Units>
  </ProjectOptions>
  <CompilerOptions>
    <Version Value="5"/>
    <PathDelim Value="\"/>
    <SearchPaths>
      <UnitOutputDirectory Value="units\$(TargetCPU)-$(TargetOS)-$(LCLWidgetType)"/>
    </SearchPaths>
    <CodeGeneration>
      <Generate Value="Faster"/>
    </CodeGeneration>
    <Linking>
      <Options>
        <Win32>
          <GraphicApplication Value="True"/>
        </Win32>
      </Options>
    </Linking>
    <Other>
      <CompilerPath Value="$(CompPath)"/>
    </Other>
  </CompilerOptions>
</CONFIG>
