<?xml version="1.0"?>
<CONFIG>
  <ProjectOptions>
    <Version Value="9"/>
    <PathDelim Value="\"/>
    <General>
      <Flags>
        <AlwaysBuild Value="False"/>
        <LRSInOutputDirectory Value="False"/>
      </Flags>
      <SessionStorage Value="InProjectDir"/>
      <MainUnit Value="0"/>
      <Icon Value="0"/>
    </General>
    <VersionInfo>
      <StringTable ProductVersion=""/>
    </VersionInfo>
    <BuildModes Count="1">
      <Item1 Name="default" Default="True"/>
    </BuildModes>
    <PublishOptions>
      <Version Value="2"/>
      <IncludeFileFilter Value="*.(pas|pp|inc|lfm|lpr|lrs|lpi|lpk|sh|xml)"/>
      <ExcludeFileFilter Value="*.(bak|ppu|ppw|o|so);*~;backup"/>
    </PublishOptions>
    <RunParams>
      <local>
        <FormatVersion Value="1"/>
        <LaunchingApplication PathPlusParams="\usr\X11R6\bin\xterm -T 'Lazarus Run Output' -e $(LazarusDir)\tools\runwait.sh $(TargetCmdLine)"/>
        <WorkingDirectory Value="\usr\local\bin"/>
      </local>
    </RunParams>
    <RequiredPackages Count="3">
      <Item1>
        <PackageName Value="ImagesForLazarus"/>
      </Item1>
      <Item2>
        <PackageName Value="uniqueinstance_package"/>
      </Item2>
      <Item3>
        <PackageName Value="LCL"/>
      </Item3>
    </RequiredPackages>
    <Units Count="8">
      <Unit0>
        <Filename Value="photlun.lpr"/>
        <IsPartOfProject Value="True"/>
        <UnitName Value="photlun"/>
      </Unit0>
      <Unit1>
        <Filename Value="pu_photlun.pas"/>
        <IsPartOfProject Value="True"/>
        <ComponentName Value="f_photlun"/>
        <ResourceBaseClass Value="Form"/>
        <UnitName Value="pu_photlun"/>
      </Unit1>
      <Unit2>
        <Filename Value="pu_photo.pas"/>
        <IsPartOfProject Value="True"/>
        <ComponentName Value="f_photo"/>
        <HasResources Value="True"/>
        <ResourceBaseClass Value="Form"/>
        <UnitName Value="pu_photo"/>
      </Unit2>
      <Unit3>
        <Filename Value="u_translation.pas"/>
        <IsPartOfProject Value="True"/>
        <UnitName Value="u_translation"/>
      </Unit3>
      <Unit4>
        <Filename Value="pu_config.pas"/>
        <IsPartOfProject Value="True"/>
        <ComponentName Value="f_config"/>
        <ResourceBaseClass Value="Form"/>
        <UnitName Value="pu_config"/>
      </Unit4>
      <Unit5>
        <Filename Value="u_constant.pas"/>
        <IsPartOfProject Value="True"/>
        <UnitName Value="u_constant"/>
      </Unit5>
      <Unit6>
        <Filename Value="u_bitmap.pas"/>
        <IsPartOfProject Value="True"/>
        <UnitName Value="u_bitmap"/>
      </Unit6>
      <Unit7>
        <Filename Value="u_util.pas"/>
        <IsPartOfProject Value="True"/>
        <UnitName Value="u_util"/>
      </Unit7>
    </Units>
  </ProjectOptions>
  <CompilerOptions>
    <Version Value="9"/>
    <PathDelim Value="\"/>
    <SearchPaths>
      <UnitOutputDirectory Value="units\$(TargetCPU)-$(TargetOS)-$(LCLWidgetType)"/>
    </SearchPaths>
    <Parsing>
      <SyntaxOptions>
        <UseAnsiStrings Value="False"/>
      </SyntaxOptions>
    </Parsing>
    <CodeGeneration>
      <Optimizations>
        <OptimizationLevel Value="0"/>
      </Optimizations>
    </CodeGeneration>
    <Linking>
      <Options>
        <Win32>
          <GraphicApplication Value="True"/>
        </Win32>
      </Options>
    </Linking>
    <Other>
      <CompilerPath Value="$(CompPath)"/>
    </Other>
  </CompilerOptions>
</CONFIG>
